<?xml version="1.0" encoding="utf-8"?>
<Project ToolsVersion="4.0" xmlns="http://schemas.microsoft.com/developer/msbuild/2003">
  <ItemGroup>
    <ClCompile Include="Game\Game.cpp" />
    <ClCompile Include="Game\pch\pch.cpp" />
    <ClCompile Include="Game\Postmaster\Message.cpp" />
    <ClCompile Include="Game\Postmaster\Postmaster.cpp" />
    <ClCompile Include="Game\MainSingleton\MainSingleton.cpp" />
    <ClCompile Include="Game\Scenes\FilipTestScene.cpp" />
    <ClCompile Include="Game\Scenes\MarkusTestScene.cpp" />
    <ClCompile Include="Game\Scenes\JesperTestScene.cpp" />
    <ClCompile Include="Game\Scenes\ViktorTestScene.cpp" />
    <ClCompile Include="Game\Scenes\SimonTestScene.cpp" />
    <ClCompile Include="Game\Bullet.cpp" />
    <ClCompile Include="Game\Scenes\MainMenuScene.cpp" />
    <ClCompile Include="Game\Scenes\JonathanTestScene.cpp" />
    <ClCompile Include="Game\AI\BehaviorTree\Base\BT_Node.cpp" />
    <ClCompile Include="Game\AI\BehaviorTree\Base\BT_Composite.cpp" />
    <ClCompile Include="Game\AI\BehaviorTree\Base\BT_Decorator.cpp" />
    <ClCompile Include="Game\AI\BehaviorTree\Base\BT_Blackboard.cpp" />
    <ClCompile Include="Game\AI\BehaviorTree\Base\BT_Leaf.cpp" />
    <ClCompile Include="Game\AI\BehaviorTree\Base\BT_BehaviorTree.cpp" />
    <ClCompile Include="Game\AI\BehaviorTree\Base\BT_CompositeBuilder.cpp" />
    <ClCompile Include="Game\AI\BehaviorTree\Base\BT_DecoratorBuilder.cpp" />
    <ClCompile Include="Game\AI\BehaviorTree\Base\BT_Builder.cpp" />
    <ClCompile Include="Game\AI\BehaviorTree\Base\BT_Selector.cpp" />
    <ClCompile Include="Game\AI\BehaviorTree\Base\BT_Sequence.cpp" />
    <ClCompile Include="Game\AI\BehaviorTree\Base\BT_StatefulSelector.cpp" />
    <ClCompile Include="Game\AI\BehaviorTree\Base\BT_MemSequence.cpp" />
    <ClCompile Include="Game\AI\BehaviorTree\Base\BT_ParallelSequence.cpp" />
    <ClCompile Include="Game\AI\BehaviorTree\Base\BT_Succeeder.cpp" />
    <ClCompile Include="Game\AI\BehaviorTree\Base\BT_Failer.cpp" />
    <ClCompile Include="Game\AI\BehaviorTree\Base\BT_Inverter.cpp" />
    <ClCompile Include="Game\AI\BehaviorTree\Base\BT_Repeater.cpp" />
    <ClCompile Include="Game\AI\BehaviorTree\Base\BT_UntilSuccess.cpp" />
    <ClCompile Include="Game\AI\BehaviorTree\Base\BT_UntilFailure.cpp" />
    <ClCompile Include="Game\Components\HealthComponent.cpp" />
    <ClCompile Include="Game\Scenes\GameScene.cpp" />
    <ClCompile Include="Game\Components\DestructibleComponent.cpp" />
    <ClCompile Include="Game\Components\FractureComponent.cpp" />
    <ClCompile Include="Game\Scenes\ScriptedEventsTestScene.cpp" />
    <ClCompile Include="VFXEditorGameObject.cpp" />
    <ClCompile Include="VFXEditorScene.cpp" />
    <ClCompile Include="Game\AI\AIDirector\AIDirector.cpp" />
    <ClCompile Include="Game\AI\Enemies\Base\EnemyBase.cpp" />
    <ClCompile Include="Game\AI\Enemies\Base\EnemyStats.cpp" />
    <ClCompile Include="Game\AI\Enemies\Base\EnemyUtility.cpp" />
    <ClCompile Include="Game\AI\Enemies\Prototype\BulletEnemy.cpp" />
    <ClCompile Include="Game\AI\PollingStation\PollingStationComponent.cpp" />
    <ClCompile Include="Game\AI\Enemies\SuicideRunner\Runner.cpp" />
    <ClCompile Include="Game\Prototype\Dummy.cpp" />
    <ClCompile Include="Game\Prototype\RorPlayer.cpp" />
    <ClCompile Include="Game\Prototype\Skills\DashSkill.cpp" />
    <ClCompile Include="Game\Prototype\Skills\PistolSkill.cpp" />
    <ClCompile Include="Game\Prototype\Skills\Skill.cpp" />
    <ClCompile Include="Game\Prototype\PistolProjectile.cpp" />
    <ClCompile Include="Game\Components\Interactable.cpp" />
    <ClCompile Include="Game\Prototype\DamageNumber.cpp" />
    <ClCompile Include="Game\AI\Health\EnemyHealth.cpp" />
    <ClCompile Include="Game\Items\Item.cpp" />
    <ClCompile Include="Game\Items\ItemManager.cpp" />
    <ClCompile Include="Game\Components\InventoryComponent.cpp" />
    <ClCompile Include="Game\AI\Enemies\Base\EnemyScalableStats.cpp" />
    <ClCompile Include="Game\AI\Enemies\Popcorn\FlyPopcorn.cpp" />
    <ClCompile Include="Game\AI\Enemies\Projectiles\PopcornProjectile.cpp" />
    <ClCompile Include="Game\AI\Enemies\Projectiles\Projectile.cpp" />
    <ClCompile Include="Game\AI\LevelBoss\LevelBoss.cpp" />
    <ClCompile Include="Game\Components\InteractableManager.cpp" />
    <ClCompile Include="Game\AI\Enemies\BurstTank\BurstTank.cpp" />
    <ClCompile Include="Game\AI\Enemies\Projectiles\ExplodeProjectile.cpp" />
    <ClCompile Include="Game\AI\Health\ProjectileHealth.cpp" />
    <ClCompile Include="Game\AI\LevelBoss\State\BaseState.cpp" />
    <ClCompile Include="Game\AI\LevelBoss\State\UnengagedState.cpp" />
    <ClCompile Include="Game\AI\LevelBoss\State\RoamState.cpp" />
    <ClCompile Include="Game\AI\LevelBoss\State\DisengageState.cpp" />
    <ClCompile Include="Game\AI\LevelBoss\State\EngageState.cpp" />
    <ClCompile Include="Game\Camera\CameraController.cpp" />
    <ClCompile Include="Game\Camera\CameraRig.cpp" />
    <ClCompile Include="Game\AI\LevelBoss\State\DeathState.cpp" />
    <ClCompile Include="Game\HUD\HUDAbility.cpp" />
    <ClCompile Include="Game\HUD\HUDHandler.cpp" />
    <ClCompile Include="Game\Items\ItemEditor.cpp" />
    <ClCompile Include="Game\Items\ItemEffect.cpp" />
    <ClCompile Include="Game\Items\ItemTypes.cpp" />
    <ClCompile Include="Game\Prototype\BouncingProjectile.cpp" />
    <ClCompile Include="Game\Prototype\Skills\AOESkill.cpp" />
    <ClCompile Include="Game\Prototype\Skills\PiercingSkill.cpp" />
    <ClCompile Include="Game\AI\Enemies\GlassCannon\GlassCannon.cpp" />
    <ClCompile Include="Game\AI\Enemies\Projectiles\LaserBeam.cpp" />
    <ClCompile Include="Game\Components\Item\ChestComponent.cpp" />
    <ClCompile Include="Game\Components\Item\ItemChoice.cpp" />
    <ClCompile Include="Game\Prototype\PiercingComponent.cpp" />
    <ClCompile Include="Game\HUD\HUDHealth.cpp" />
    <ClCompile Include="Game\AI\Enemies\GroundPopcorn\GroundPopcorn.cpp" />
    <ClCompile Include="Game\AI\Enemies\Mortar\Mortar.cpp" />
    <ClCompile Include="Game\AI\Enemies\Projectiles\MortarProjectile.cpp" />
    <ClCompile Include="Game\Components\ExplosiveObjectComponent.cpp" />
    <ClCompile Include="Game\GameManager\GameManager.cpp" />
    <ClCompile Include="Game\Components\MoneyDropComponent.cpp" />
    <ClCompile Include="Game\Components\WalletComponent.cpp" />
    <ClCompile Include="Game\AI\LevelBoss\State\GatlingEyeState.cpp" />
    <ClCompile Include="Game\AI\LevelBoss\State\SpikeAttackState.cpp" />
    <ClCompile Include="Game\AI\LevelBoss\State\MortarState.cpp" />
    <ClCompile Include="Game\AI\LevelBoss\State\PoisonCloudState.cpp" />
    <ClCompile Include="Game\AI\LevelBoss\State\StateVars.cpp" />
    <ClCompile Include="Game\AI\FinalBoss\FinalBoss.cpp" />
    <ClCompile Include="Game\AI\FinalBoss\RightProjectileHand.cpp" />
    <ClCompile Include="Game\AI\FinalBoss\LeftPunchHand.cpp" />
    <ClCompile Include="Game\Components\PortalComponent.cpp" />
    <ClCompile Include="Game\World\LaunchpadComponent.cpp" />
    <ClCompile Include="Game\Components\GameManagerUpdater.cpp" />
    <ClCompile Include="Game\AI\LevelBoss\Objects\BossMortar.cpp" />
    <ClCompile Include="Game\AI\LevelBoss\Objects\BossCluster.cpp" />
    <ClCompile Include="Game\Components\PortalAltarComponent.cpp" />
    <ClCompile Include="Game\AI\FinalBoss\Behaviours\Behaviour.cpp" />
    <ClCompile Include="Game\Items\Buff.cpp" />
    <ClCompile Include="Game\AI\Enemies\Slime\Slime.cpp" />
    <ClCompile Include="Game\AI\Enemies\GroundTankLad\GroundTankLad.cpp" />
    <ClCompile Include="Game\AI\Enemies\Projectiles\GroundPound.cpp" />
    <ClCompile Include="Game\AI\Enemies\Projectiles\PoisonCloud.cpp" />
    <ClCompile Include="Game\AI\Enemies\Projectiles\GroundPopcornProjectile.cpp" />
    <ClCompile Include="Game\Items\ItemEffectBase.cpp" />
    <ClCompile Include="Game\Items\ItemVFX.cpp" />
    <ClCompile Include="Game\Components\Item\BouncingDamageComponent.cpp" />
    <ClCompile Include="Game\Components\HUD\HealthBarComponent.cpp" />
    <ClCompile Include="Game\AI\FinalBoss\Behaviours\HandPunch.cpp" />
    <ClCompile Include="Game\HUD\HUDItemDescription.cpp" />
    <ClCompile Include="Game\HUD\HUDInteraction.cpp" />
    <ClCompile Include="Game\Components\Item\ChestSpawnerComponent.cpp" />
    <ClCompile Include="Game\Player\CrossHairHandler.cpp" />
    <ClCompile Include="Game\Player\Player.cpp" />
    <ClCompile Include="Game\Player\PlayerStats.cpp" />
    <ClCompile Include="Game\Player\State.cpp" />
    <ClCompile Include="Game\Player\StateMachine.cpp" />
    <ClCompile Include="Game\Player\VelocityHandler.cpp" />
    <ClCompile Include="Game\Player\States\DashState.cpp" />
    <ClCompile Include="Game\Player\States\MovementState.cpp" />
    <ClCompile Include="Game\Player\States\PlayerDeathState.cpp" />
    <ClCompile Include="Game\Player\States\ShootState.cpp" />
    <ClCompile Include="Game\AI\Enemies\Projectiles\BurstTankProjectile.cpp" />
    <ClCompile Include="Game\Utils\TickTimer.cpp" />
    <ClCompile Include="Game\AI\LevelBoss\Objects\BossSpikeExtension.cpp" />
    <ClCompile Include="Game\AI\FinalBoss\Behaviours\HandSlam.cpp" />
    <ClCompile Include="Game\Prototype\HomingProjectile.cpp" />
    <ClCompile Include="Game\AI\FinalBoss\States\FinalBossState.cpp" />
    <ClCompile Include="Game\AI\FinalBoss\States\HandPunch\HandPunch_Buildup.cpp" />
    <ClCompile Include="Game\AI\FinalBoss\States\HandPunch\HandPunch_MoveTowardsPlayer.cpp" />
    <ClCompile Include="Game\AI\FinalBoss\States\HandPunch\HandPunch_Returning.cpp" />
    <ClCompile Include="Game\UI\PauseMenuComponent.cpp" />
    <ClCompile Include="Game\UI\PauseMenu\StatsDisplay.cpp" />
    <ClCompile Include="Game\Components\MoveComponent.cpp" />
    <ClCompile Include="Game\Player\Shooting\Steadiness.cpp" />
    <ClCompile Include="Game\World\LevelBossSpawnerComponent.cpp" />
    <ClCompile Include="Game\Components\DayNightComponent.cpp" />
    <ClCompile Include="Game\AI\FinalBoss\StateSequencer.cpp" />
    <ClCompile Include="Game\AI\FinalBoss\States\HandSlam\HandSlam_Detect.cpp" />
    <ClCompile Include="Game\AI\FinalBoss\States\HandSlam\HandSlam_End.cpp" />
    <ClCompile Include="Game\AI\FinalBoss\States\HandSlam\HandSlam_Fall.cpp" />
    <ClCompile Include="Game\AI\FinalBoss\States\HandSlam\HandSlam_Search.cpp" />
    <ClCompile Include="Game\AI\FinalBoss\States\HandSlam\HandSlam_Start.cpp" />
    <ClCompile Include="Game\AI\LevelBoss\Objects\BossDome.cpp" />
    <ClCompile Include="Game\AI\FinalBoss\HandHomingProjectile.cpp" />
    <ClCompile Include="Game\AI\FinalBoss\Behaviours\HandGattlingEye.cpp" />
    <ClCompile Include="Game\AI\FinalBoss\Behaviours\HandHomingLaser.cpp" />
    <ClCompile Include="Game\AI\FinalBoss\States\HandGatlingEye\HandGatlingEye_End.cpp" />
    <ClCompile Include="Game\AI\FinalBoss\States\HandGatlingEye\HandGatlingEye_Loop.cpp" />
    <ClCompile Include="Game\AI\FinalBoss\States\HandGatlingEye\HandGatlingEye_Start.cpp" />
    <ClCompile Include="Game\AI\FinalBoss\HandGatlingProjectile.cpp" />
    <ClCompile Include="Game\AI\FinalBoss\Behaviours\HandCrawler.cpp" />
    <ClCompile Include="Game\UI\MainMenu\MenuHandler.cpp" />
    <ClCompile Include="Game\UI\MainMenu\MainMenu.cpp" />
    <ClCompile Include="Game\UI\MainMenu\MenuComponent.cpp" />
    <ClCompile Include="Game\UI\MainMenu\LevelSelect.cpp" />
    <ClCompile Include="Game\UI\MainMenu\Options.cpp" />
    <ClCompile Include="Game\UI\MainMenu\Credits.cpp" />
    <ClCompile Include="Game\AI\FinalBoss\States\HandCrawler\HandCrawler_End.cpp" />
    <ClCompile Include="Game\AI\FinalBoss\States\HandCrawler\HandCrawler_Loop.cpp" />
    <ClCompile Include="Game\AI\FinalBoss\States\HandCrawler\HandCrawler_Start.cpp" />
    <ClCompile Include="Game\AI\FinalBoss\Behaviours\LeftHand_HandCrawler.cpp" />
    <ClCompile Include="Game\AI\FinalBoss\Behaviours\RightHand_HandCrawler.cpp" />
    <ClCompile Include="Game\Components\HealthComponentProxy.cpp" />
    <ClCompile Include="Game\AI\FinalBoss\Behaviours\HandIdle.cpp" />
    <ClCompile Include="Game\AI\FinalBoss\Behaviours\HandDeath.cpp" />
    <ClCompile Include="Game\AI\FinalBoss\FinalBossHand.cpp" />
    <ClCompile Include="Game\UI\MainMenu\Controls.cpp" />
    <ClCompile Include="Game\Prototype\FloatingText.cpp" />
    <ClCompile Include="Game\Components\ExplosionComponent.cpp" />
    <ClCompile Include="Game\AI\FinalBoss\FinalBossBody.cpp" />
    <ClCompile Include="Game\AI\Portal\EnemySpawnPortal.cpp" />
    <ClCompile Include="Game\HUD\HUDDifficulty.cpp" />
    <ClCompile Include="Game\AI\FinalBoss\Behaviours\Body\BodyDeath.cpp" />
    <ClCompile Include="Game\AI\FinalBoss\Behaviours\Body\BodyGigaLaser.cpp" />
    <ClCompile Include="Game\AI\FinalBoss\Behaviours\Body\BodyIdle.cpp" />
    <ClCompile Include="Game\AI\FinalBoss\Behaviours\Body\BodyIntro.cpp" />
    <ClCompile Include="Game\AI\FinalBoss\Behaviours\Body\BodyMouthMortar.cpp" />
    <ClCompile Include="Game\AI\FinalBoss\Behaviours\Body\BodyPoisonBreath.cpp" />
    <ClCompile Include="Game\AI\FinalBoss\Behaviours\Body\BodyShockwaveScream.cpp" />
    <ClCompile Include="Game\GameManager\GameSettings.cpp" />
    <ClCompile Include="Game\UI\MainMenu\VideoOptions.cpp" />
    <ClCompile Include="Game\UI\MainMenu\AudioOptions.cpp" />
    <ClCompile Include="Game\AI\FinalBoss\FinalBossPart.cpp" />
    <ClCompile Include="Game\AI\Portal\EnemyspawnPortalFly.cpp" />
    <ClCompile Include="Game\AI\FinalBoss\Behaviours\Body\BodyPhaseSwitch.cpp" />
    <ClCompile Include="Game\UI\MainMenu\LoadingScreen.cpp" />
    <ClCompile Include="Game\UI\MainMenu\VideoHandler.cpp" />
    <ClCompile Include="Game\HUD\CrosshairUI.cpp" />
    <ClCompile Include="Game\Components\RespawnComponent.cpp" />
    <ClCompile Include="Game\UI\MainMenu\GeneralOptions.cpp" />
    <ClCompile Include="Game\AI\FinalBoss\EmittedShockwave.cpp" />
    <ClCompile Include="Game\AI\Explosion\GeneralExplosion.cpp" />
    <ClCompile Include="Game\AI\VFX\EnemyVFXRef.cpp" />
    <ClCompile Include="Game\Components\VFXSpawner.cpp" />
    <ClCompile Include="Game\UI\MainMenu\ImageReferencer.cpp" />
    <ClCompile Include="Game\Components\DestroyAfterSecondsComponent.cpp" />
    <ClCompile Include="Game\AI\FinalBoss\FinalBossWaypoint.cpp" />
    <ClCompile Include="ScriptedEvent.cpp" />
    <ClCompile Include="Game\Player\RotationHandler.cpp" />
    <ClCompile Include="Game\Player\HealHandler.cpp" />
    <ClCompile Include="LookAt.cpp" />
    <ClCompile Include="Game\UI\MainMenu\HowToPlay.cpp" />
    <ClCompile Include="Game\UI\MainMenu\ControlsHowToPlay.cpp" />
    <ClCompile Include="Game\UI\MainMenu\ItemsHowToPlay.cpp" />
    <ClCompile Include="Game\AI\FinalBoss\FinalBossPortal.cpp" />
    <ClCompile Include="Game\AI\Enemies\Testing\LaserTest.cpp" />
    <ClCompile Include="Game\Player\Projectile\ProjectileHelper.cpp" />
    <ClCompile Include="Game\Interactables\BeamComponent.cpp" />
    <ClCompile Include="Game\Interactables\GamlingStatue.cpp" />
    <ClCompile Include="Game\AI\FinalBoss\HandHomingProjectileLauncher.cpp" />
    <ClCompile Include="Game\Player\MagicCircleHandler.cpp" />
    <ClCompile Include="Game\Player\States\PlayerEnterBossScriptedState.cpp" />
    <ClCompile Include="Game\HUD\HUDDamageVignette.cpp" />
    <ClCompile Include="Game\AI\FinalBoss\Behaviours\HandEnraged.cpp" />
    <ClCompile Include="Game\Player\SecondaryArm.cpp" />
    <ClCompile Include="Game\AI\FinalBoss\FinalBossFollowGameObject.cpp" />
    <ClCompile Include="Game\AI\FinalBoss\FinalBossHealthbar.cpp" />
    <ClCompile Include="Game\AI\FinalBoss\FinalBossLightning.cpp" />
    <ClCompile Include="Game\Components\PlayerShield.cpp" />
    <ClCompile Include="Game\UI\MainMenu\AudioHandler.cpp" />
    <ClCompile Include="Game\AI\FinalBoss\FinalBossDamage.cpp" />
    <ClCompile Include="Game\AI\FinalBoss\FinalBossShootFlash.cpp" />
    <ClCompile Include="Game\AI\FinalBoss\Behaviours\Body\PoisonCloudDamageComponent.cpp" />
    <ClCompile Include="Game\UI\WinScreen.cpp" />
    <ClCompile Include="Game\AI\FinalBoss\FinalBossArenaTrigger.cpp" />
    <ClCompile Include="Game\UI\UI_Fade.cpp" />
    <ClCompile Include="Game\UI\MainMenu\LoadingBar.cpp" />
    <ClCompile Include="Explosion.cpp" />
    <ClCompile Include="Game\UI\MainMenu\AbilitiesHowToPlay.cpp" />
    <ClCompile Include="Game\AI\FinalBoss\Behaviours\HandIntro.cpp" />
    <ClCompile Include="Game\Player\PlayerSpawnHandler.cpp" />
    <ClCompile Include="CinematicCameraComponent.cpp" />
    <ClCompile Include="Game\UI\MainMenu\Play.cpp" />
    <ClCompile Include="Game\UI\MainMenu\Leaderboard.cpp" />
    <ClCompile Include="Game\GameManager\LeaderboardManager.cpp" />
  </ItemGroup>
  <ItemGroup>
    <ClInclude Include="Game\Enemies\EnemyComponents.hpp" />
    <ClInclude Include="Game\Game.h" />
    <ClInclude Include="Game\pch\pch.h" />
    <ClInclude Include="Game\Postmaster\Message.h" />
    <ClInclude Include="Game\Postmaster\Postmaster.h" />
    <ClInclude Include="Game\Postmaster\Subscriber.h" />
    <ClInclude Include="Game\Enemies\Boss.h" />
    <ClInclude Include="Game\Enemies\EnemyAoE.h" />
    <ClInclude Include="Game\Enemies\EnemyProjectile.h" />
    <ClInclude Include="Game\MainSingleton\MainSingleton.h" />
    <ClInclude Include="Game\Scenes\FilipTestScene.h" />
    <ClInclude Include="Game\Scenes\MarkusTestScene.h" />
    <ClInclude Include="Game\Scenes\JesperTestScene.h" />
    <ClInclude Include="Game\Scenes\ViktorTestScene.h" />
    <ClInclude Include="Game\Scenes\SimonTestScene.h" />
    <ClInclude Include="Game\Bullet.h" />
    <ClInclude Include="Game\Scenes\MainMenuScene.h" />
    <ClInclude Include="Game\Scenes\JonathanTestScene.h" />
    <ClInclude Include="Game\TestComponent.h" />
    <ClInclude Include="Game\AI\BehaviorTree\Base\BrainTree.h" />
    <ClInclude Include="Game\AI\BehaviorTree\Base\BT_Node.h" />
    <ClInclude Include="Game\AI\BehaviorTree\Base\BT_Composite.h" />
    <ClInclude Include="Game\AI\BehaviorTree\Base\BT_Decorator.h" />
    <ClInclude Include="Game\AI\BehaviorTree\Base\BT_Blackboard.h" />
    <ClInclude Include="Game\AI\BehaviorTree\Base\BT_Leaf.h" />
    <ClInclude Include="Game\AI\BehaviorTree\Base\BT_BehaviorTree.h" />
    <ClInclude Include="Game\AI\BehaviorTree\Base\BT_CompositeBuilder.h" />
    <ClInclude Include="Game\AI\BehaviorTree\Base\BT_DecoratorBuilder.h" />
    <ClInclude Include="Game\AI\BehaviorTree\Base\BT_Builder.h" />
    <ClInclude Include="Game\AI\BehaviorTree\Base\BT_Selector.h" />
    <ClInclude Include="Game\AI\BehaviorTree\Base\BT_Sequence.h" />
    <ClInclude Include="Game\AI\BehaviorTree\Base\BT_StatefulSelector.h" />
    <ClInclude Include="Game\AI\BehaviorTree\Base\BT_MemSequence.h" />
    <ClInclude Include="Game\AI\BehaviorTree\Base\BT_ParallelSequence.h" />
    <ClInclude Include="Game\AI\BehaviorTree\Base\BT_Succeeder.h" />
    <ClInclude Include="Game\AI\BehaviorTree\Base\BT_Failer.h" />
    <ClInclude Include="Game\AI\BehaviorTree\Base\BT_Inverter.h" />
    <ClInclude Include="Game\AI\BehaviorTree\Base\BT_Repeater.h" />
    <ClInclude Include="Game\AI\BehaviorTree\Base\BT_UntilSuccess.h" />
    <ClInclude Include="Game\AI\BehaviorTree\Base\BT_UntilFailure.h" />
    <ClInclude Include="Game\Components\HealthComponent.h" />
    <ClInclude Include="Game\Scenes\GameScene.h" />
    <ClInclude Include="Game\Components\DestructibleComponent.h" />
    <ClInclude Include="Game\Components\FractureComponent.h" />
    <ClInclude Include="Game\Scenes\ScriptedEventsTestScene.h" />
    <ClInclude Include="VFXEditorGameObject.h" />
    <ClInclude Include="VFXEditorScene.h" />
    <ClInclude Include="Game\AI\AIDirector\AIDirector.h" />
    <ClInclude Include="Game\AI\Enemies\Base\EnemyUtility.h" />
    <ClInclude Include="Game\AI\Enemies\Base\EnemyBase.h" />
    <ClInclude Include="Game\AI\Enemies\Base\EnemyStats.h" />
    <ClInclude Include="Game\AI\Enemies\Prototype\BulletEnemy.h" />
    <ClInclude Include="Game\AI\GeneralNodes\BTN_FlyTowardsPlayer.h" />
    <ClInclude Include="Game\AI\PollingStation\PollingStationComponent.h" />
    <ClInclude Include="Game\AI\Enemies\SuicideRunner\Runner.h" />
    <ClInclude Include="Game\AI\GeneralNodes\BTN_Print.h" />
    <ClInclude Include="Game\Prototype\Dummy.h" />
    <ClInclude Include="Game\Prototype\RorPlayer.h" />
    <ClInclude Include="Game\Prototype\Skills\DashSkill.h" />
    <ClInclude Include="Game\Prototype\Skills\PistolSkill.h" />
    <ClInclude Include="Game\Prototype\Skills\Skill.h" />
    <ClInclude Include="Game\Prototype\PistolProjectile.h" />
    <ClInclude Include="Game\Scenes\Game Levels\Level3.h" />
    <ClInclude Include="Game\Scenes\Game Levels\Level4.h" />
    <ClInclude Include="Game\Scenes\Game Levels\Level5.h" />
    <ClInclude Include="Game\Scenes\Game Levels\Level6.h" />
    <ClInclude Include="Game\Scenes\Game Levels\Level7.h" />
    <ClInclude Include="Game\Scenes\Game Levels\Level8.h" />
    <ClInclude Include="Game\Components\Interactable.h" />
    <ClInclude Include="Game\Prototype\DamageNumber.h" />
    <ClInclude Include="Game\AI\Enemies\SuicideRunner\BTN_SuicideExplode.h" />
    <ClInclude Include="Game\AI\GeneralNodes\BTN_InRange.h" />
    <ClInclude Include="Game\AI\GeneralNodes\BTN_MoveTowardsPosition.h" />
    <ClInclude Include="Game\AI\Health\EnemyHealth.h" />
    <ClInclude Include="Game\Items\Item.h" />
    <ClInclude Include="Game\Items\ItemManager.h" />
    <ClInclude Include="Game\Components\InventoryComponent.h" />
    <ClInclude Include="Game\AI\Enemies\Base\EnemyScalableStats.h" />
    <ClInclude Include="Game\AI\Enemies\Popcorn\FlyPopcorn.h" />
    <ClInclude Include="Game\AI\Enemies\Projectiles\PopcornProjectile.h" />
    <ClInclude Include="Game\AI\Enemies\Projectiles\Projectile.h" />
    <ClInclude Include="Game\AI\LevelBoss\LevelBoss.h" />
    <ClInclude Include="Game\AI\GeneralNodes\BTN_InRangeOfPlayer.h" />
    <ClInclude Include="Game\AI\GeneralNodes\BTN_MoveTowardsPlayer.h" />
    <ClInclude Include="Game\AI\GeneralNodes\BTN_Shot.h" />
    <ClInclude Include="Game\AI\GeneralNodes\BTN_InRangeOfPosition.h" />
    <ClInclude Include="Game\Components\InteractableManager.h" />
    <ClInclude Include="Game\AI\Enemies\BurstTank\BurstTank.h" />
    <ClInclude Include="Game\AI\Enemies\Projectiles\ExplodeProjectile.h" />
    <ClInclude Include="Game\AI\Health\ProjectileHealth.h" />
    <ClInclude Include="Game\AI\LevelBoss\State\BaseState.h" />
    <ClInclude Include="Game\AI\LevelBoss\State\UnengagedState.h" />
    <ClInclude Include="Game\AI\LevelBoss\State\RoamState.h" />
    <ClInclude Include="Game\AI\LevelBoss\State\DisengageState.h" />
    <ClInclude Include="Game\AI\LevelBoss\State\EngageState.h" />
    <ClInclude Include="Game\Camera\CameraController.h" />
    <ClInclude Include="Game\Camera\CameraRig.h" />
    <ClInclude Include="Game\AI\LevelBoss\State\DeathState.h" />
    <ClInclude Include="Game\HUD\HUDAbility.h" />
    <ClInclude Include="Game\HUD\HUDHandler.h" />
    <ClInclude Include="Game\AI\GeneralNodes\BTN_LambdaCall.h" />
    <ClInclude Include="Game\Items\ItemEditor.h" />
    <ClInclude Include="Game\Items\ItemEffect.h" />
    <ClInclude Include="Game\Items\ItemTypes.h" />
    <ClInclude Include="Game\Prototype\BouncingProjectile.h" />
    <ClInclude Include="Game\Prototype\Skills\AOESkill.h" />
    <ClInclude Include="Game\Prototype\Skills\PiercingSkill.h" />
    <ClInclude Include="Game\AI\Enemies\GlassCannon\BTN_FireLaser.h" />
    <ClInclude Include="Game\AI\Enemies\GlassCannon\GlassCannon.h" />
    <ClInclude Include="Game\AI\Enemies\Projectiles\LaserBeam.h" />
    <ClInclude Include="Game\Components\Item\ChestComponent.h" />
    <ClInclude Include="Game\Components\Item\ItemChoice.h" />
    <ClInclude Include="Game\Prototype\PiercingComponent.h" />
    <ClInclude Include="Game\HUD\HUDHealth.h" />
    <ClInclude Include="Game\AI\Enemies\GroundPopcorn\BTN_StupidWander.h" />
    <ClInclude Include="Game\AI\Enemies\GroundPopcorn\GroundPopcorn.h" />
    <ClInclude Include="Game\AI\Enemies\Mortar\BTN_MortarIdle.h" />
    <ClInclude Include="Game\AI\Enemies\Mortar\Mortar.h" />
    <ClInclude Include="Game\AI\Enemies\Projectiles\MortarProjectile.h" />
    <ClInclude Include="Game\AI\GeneralNodes\BTN_Shoot.h" />
    <ClInclude Include="Game\Components\ExplosiveObjectComponent.h" />
    <ClInclude Include="Game\GameManager\GameManager.h" />
    <ClInclude Include="Game\Components\MoneyDropComponent.h" />
    <ClInclude Include="Game\Components\WalletComponent.h" />
    <ClInclude Include="Game\AI\LevelBoss\State\GatlingEyeState.h" />
    <ClInclude Include="Game\AI\LevelBoss\State\SpikeAttackState.h" />
    <ClInclude Include="Game\AI\LevelBoss\State\MortarState.h" />
    <ClInclude Include="Game\AI\LevelBoss\State\PoisonCloudState.h" />
    <ClInclude Include="Game\AI\LevelBoss\State\StateVars.h" />
    <ClInclude Include="Game\AI\FinalBoss\FinalBoss.h" />
    <ClInclude Include="Game\AI\FinalBoss\RightProjectileHand.h" />
    <ClInclude Include="Game\AI\FinalBoss\LeftPunchHand.h" />
    <ClInclude Include="Game\Components\PortalComponent.h" />
    <ClInclude Include="Game\World\LaunchpadComponent.h" />
    <ClInclude Include="Game\Components\GameManagerUpdater.h" />
    <ClInclude Include="Game\AI\LevelBoss\Objects\BossMortar.h" />
    <ClInclude Include="Game\AI\LevelBoss\Objects\BossCluster.h" />
    <ClInclude Include="Game\Components\PortalAltarComponent.h" />
    <ClInclude Include="Game\AI\FinalBoss\Behaviours\Behaviour.h" />
    <ClInclude Include="Game\AI\FinalBoss\Phases\Phase.h" />
    <ClInclude Include="Game\AI\FinalBoss\Phases\Phase1.h" />
    <ClInclude Include="Game\Items\Buff.h" />
    <ClInclude Include="Game\AI\Enemies\Mortar\BTN_Mortar_InRangeOfPlayer.h" />
    <ClInclude Include="Game\AI\Enemies\Mortar\BTN_Mortar_OutRangeOfPlayer.h" />
    <ClInclude Include="Game\AI\Enemies\Mortar\BTN_Mortar_Shoot.h" />
    <ClInclude Include="Game\AI\Enemies\SuicideRunner\BTN_Runner_MoveTowardsPosition.h" />
    <ClInclude Include="Game\AI\Enemies\SuicideRunner\BTN_Runner_Rotate.h" />
    <ClInclude Include="Game\AI\Enemies\Slime\Slime.h" />
    <ClInclude Include="Game\AI\Enemies\GroundTankLad\BTN_GroundPound.h" />
    <ClInclude Include="Game\AI\Enemies\GroundTankLad\BTN_TankFireLaser.h" />
    <ClInclude Include="Game\AI\Enemies\GroundTankLad\GroundTankLad.h" />
    <ClInclude Include="Game\AI\Enemies\Projectiles\PoisonCloud.h" />
    <ClInclude Include="Game\AI\Enemies\Projectiles\GroundPound.h" />
    <ClInclude Include="Game\AI\Enemies\GroundPopcorn\BTN_GroundPopcorn_Shoot.h" />
    <ClInclude Include="Game\AI\Enemies\Projectiles\GroundPopcornProjectile.h" />
    <ClInclude Include="Game\Items\ItemEffectBase.h" />
    <ClInclude Include="Game\Items\ItemVFX.h" />
    <ClInclude Include="Game\Components\Item\BouncingDamageComponent.h" />
    <ClInclude Include="Game\AI\GeneralNodes\BTN_Fly_Offset_Wander.h" />
    <ClInclude Include="Game\Components\HUD\HealthBarComponent.h" />
    <ClInclude Include="Game\AI\FinalBoss\Behaviours\HandPunch.h" />
    <ClInclude Include="Game\HUD\HUDItemDescription.h" />
    <ClInclude Include="Game\HUD\HUDInteraction.h" />
    <ClInclude Include="Game\Components\Item\ChestSpawnerComponent.h" />
    <ClInclude Include="Game\Player\CrossHairHandler.h" />
    <ClInclude Include="Game\Player\Player.h" />
    <ClInclude Include="Game\Player\PlayerStats.h" />
    <ClInclude Include="Game\Player\PlayerStatus.h" />
    <ClInclude Include="Game\Player\SkillStats.h" />
    <ClInclude Include="Game\Player\StateMachine.h" />
    <ClInclude Include="Game\Player\VelocityHandler.h" />
    <ClInclude Include="Game\Player\States\DashState.h" />
    <ClInclude Include="Game\Player\States\MovementState.h" />
    <ClInclude Include="Game\Player\States\PlayerDeathState.h" />
    <ClInclude Include="Game\Player\States\ShootState.h" />
    <ClInclude Include="Game\AI\Enemies\Projectiles\BurstTankProjectile.h" />
    <ClInclude Include="Game\AI\FinalBoss\Constants.h" />
    <ClInclude Include="Game\Utils\TickTimer.h" />
    <ClInclude Include="Game\AI\LevelBoss\Objects\BossSpikeExtension.h" />
    <ClInclude Include="Game\AI\FinalBoss\Behaviours\HandSlam.h" />
    <ClInclude Include="Game\Prototype\HomingProjectile.h" />
    <ClInclude Include="Game\Player\DamageInfo.h" />
    <ClInclude Include="Game\AI\FinalBoss\States\FinalBossState.h" />
    <ClInclude Include="Game\AI\FinalBoss\States\HandPunch\HandPunch_Buildup.h" />
    <ClInclude Include="Game\AI\FinalBoss\States\HandPunch\HandPunch_MoveTowardsPlayer.h" />
    <ClInclude Include="Game\AI\FinalBoss\States\HandPunch\HandPunch_Returning.h" />
    <ClInclude Include="Game\UI\PauseMenuComponent.h" />
    <ClInclude Include="Game\UI\PauseMenu\StatsDisplay.h" />
    <ClInclude Include="Game\AI\Enemies\GroundTankLad\BTN_InRangeOfMelee.h" />
    <ClInclude Include="Game\Components\MoveComponent.h" />
    <ClInclude Include="Game\Player\Shooting\Steadiness.h" />
    <ClInclude Include="Game\World\LevelBossSpawnerComponent.h" />
    <ClInclude Include="Game\Components\DayNightComponent.h" />
    <ClInclude Include="Game\AI\FinalBoss\StateSequencer.h" />
    <ClInclude Include="Game\AI\FinalBoss\States\HandSlam\HandSlam_Detect.h" />
    <ClInclude Include="Game\AI\FinalBoss\States\HandSlam\HandSlam_End.h" />
    <ClInclude Include="Game\AI\FinalBoss\States\HandSlam\HandSlam_Fall.h" />
    <ClInclude Include="Game\AI\FinalBoss\States\HandSlam\HandSlam_Search.h" />
    <ClInclude Include="Game\AI\FinalBoss\States\HandSlam\HandSlam_Start.h" />
    <ClInclude Include="Game\AI\LevelBoss\Objects\BossDome.h" />
    <ClInclude Include="Game\AI\FinalBoss\HandHomingProjectile.h" />
    <ClInclude Include="Game\AI\FinalBoss\Behaviours\HandHomingLaser.h" />
    <ClInclude Include="Game\AI\FinalBoss\Behaviours\HandGattlingEye.h" />
    <ClInclude Include="Game\AI\FinalBoss\States\HandGatlingEye\HandGatlingEye_Start.h" />
    <ClInclude Include="Game\AI\FinalBoss\States\HandGatlingEye\HandGatlingEye_End.h" />
    <ClInclude Include="Game\AI\FinalBoss\States\HandGatlingEye\HandGatlingEye_Loop.h" />
    <ClInclude Include="Game\AI\FinalBoss\HandGatlingProjectile.h" />
    <ClInclude Include="Game\AI\FinalBoss\Behaviours\HandCrawler.h" />
    <ClInclude Include="Game\UI\MainMenu\MenuHandler.h" />
    <ClInclude Include="Game\UI\MainMenu\MainMenu.h" />
    <ClInclude Include="Game\UI\MainMenu\MenuComponent.h" />
    <ClInclude Include="Game\UI\MainMenu\LevelSelect.h" />
    <ClInclude Include="Game\UI\MainMenu\Options.h" />
    <ClInclude Include="Game\UI\MainMenu\Credits.h" />
    <ClInclude Include="Game\AI\FinalBoss\States\HandCrawler\HandCrawler_Start.h" />
    <ClInclude Include="Game\AI\FinalBoss\States\HandCrawler\HandCrawler_End.h" />
    <ClInclude Include="Game\AI\FinalBoss\States\HandCrawler\HandCrawler_Loop.h" />
    <ClInclude Include="Game\AI\FinalBoss\Behaviours\RightHand_HandCrawler.h" />
    <ClInclude Include="Game\AI\FinalBoss\Behaviours\LeftHand_HandCrawler.h" />
    <ClInclude Include="Game\Components\HealthComponentProxy.h" />
    <ClInclude Include="Game\AI\FinalBoss\Behaviours\HandIdle.h" />
    <ClInclude Include="Game\AI\FinalBoss\Behaviours\HandDeath.h" />
    <ClInclude Include="Game\AI\FinalBoss\FinalBossHand.h" />
    <ClInclude Include="Game\UI\MainMenu\Controls.h" />
    <ClInclude Include="Game\Prototype\FloatingText.h" />
    <ClInclude Include="Game\Components\ExplosionComponent.h" />
    <ClInclude Include="Game\AI\FinalBoss\FinalBossBody.h" />
    <ClInclude Include="Game\AI\Portal\Header.h" />
    <ClInclude Include="Game\AI\FinalBoss\FinalBossPhase.h" />
    <ClInclude Include="Game\AI\Portal\EnemySpawnPortal.h" />
    <ClInclude Include="Game\HUD\HUDDifficulty.h" />
    <ClInclude Include="Game\AI\FinalBoss\Behaviours\Body\BodyDeath.h" />
    <ClInclude Include="Game\AI\FinalBoss\Behaviours\Body\BodyGigaLaser.h" />
    <ClInclude Include="Game\AI\FinalBoss\Behaviours\Body\BodyIdle.h" />
    <ClInclude Include="Game\AI\FinalBoss\Behaviours\Body\BodyIntro.h" />
    <ClInclude Include="Game\AI\FinalBoss\Behaviours\Body\BodyMouthMortar.h" />
    <ClInclude Include="Game\AI\FinalBoss\Behaviours\Body\BodyPoisonBreath.h" />
    <ClInclude Include="Game\AI\FinalBoss\Behaviours\Body\BodyShockwaveScream.h" />
    <ClInclude Include="Game\GameManager\GameSettings.h" />
    <ClInclude Include="Game\UI\MainMenu\VideoOptions.h" />
    <ClInclude Include="Game\UI\MainMenu\AudioOptions.h" />
    <ClInclude Include="Game\AI\FinalBoss\FinalBossPart.h" />
    <ClInclude Include="Game\AI\Portal\EnemyspawnPortalFly.h" />
    <ClInclude Include="Game\AI\FinalBoss\Behaviours\Body\BodyPhaseSwitch.h" />
    <ClInclude Include="Game\UI\MainMenu\LoadingScreen.h" />
    <ClInclude Include="Game\UI\MainMenu\VideoHandler.h" />
    <ClInclude Include="Game\HUD\CrosshairUI.h" />
    <ClInclude Include="Game\Components\RespawnComponent.h" />
    <ClInclude Include="Game\UI\MainMenu\GeneralOptions.h" />
    <ClInclude Include="Game\AI\FinalBoss\EmittedShockwave.h" />
    <ClInclude Include="Game\AI\Explosion\GeneralExplosion.h" />
    <ClInclude Include="Game\AI\VFX\EnemyVFXRef.h" />
    <ClInclude Include="Game\Components\VFXSpawner.h" />
    <ClInclude Include="Game\UI\MainMenu\ImageReferencer.h" />
    <ClInclude Include="Game\Components\DestroyAfterSecondsComponent.h" />
    <ClInclude Include="Game\Player\PlayerVFXHolder.h" />
    <ClInclude Include="Game\AI\FinalBoss\FinalBossWaypoint.h" />
    <ClInclude Include="ScriptedEvent.h" />
    <ClInclude Include="Game\Player\RotationHandler.h" />
    <ClInclude Include="Game\Player\HealHandler.h" />
    <ClInclude Include="LookAt.h" />
    <ClInclude Include="Game\UI\MainMenu\HowToPlay.h" />
    <ClInclude Include="Game\UI\MainMenu\ControlsHowToPlay.h" />
    <ClInclude Include="Game\UI\MainMenu\ItemsHowToPlay.h" />
    <ClInclude Include="Game\AI\FinalBoss\FinalBossPortal.h" />
    <ClInclude Include="Game\AI\Enemies\Testing\LaserTest.h" />
    <ClInclude Include="Game\Player\Projectile\ProjectileHelper.h" />
    <ClInclude Include="Game\Interactables\BeamComponent.h" />
    <ClInclude Include="Game\Interactables\GamlingStatue.h" />
    <ClInclude Include="Game\AI\FinalBoss\HandHomingProjectileLauncher.h" />
    <ClInclude Include="Game\Player\MagicCircleHandler.h" />
    <ClInclude Include="Game\Player\PlayerSettings.h" />
    <ClInclude Include="Game\Player\States\PlayerEnterBossScriptedState.h" />
    <ClInclude Include="Game\HUD\HUDDamageVignette.h" />
    <ClInclude Include="Game\AI\FinalBoss\Behaviours\HandEnraged.h" />
    <ClInclude Include="Game\Player\State.h" />
    <ClInclude Include="Game\Player\SecondaryArm.h" />
    <ClInclude Include="Game\AI\FinalBoss\FinalBossFollowGameObject.h" />
    <ClInclude Include="Game\AI\FinalBoss\FinalBossHealthbar.h" />
    <ClInclude Include="Game\AI\FinalBoss\FinalBossLightning.h" />
    <ClInclude Include="Game\Components\PlayerShield.h" />
    <ClInclude Include="Game\UI\MainMenu\AudioHandler.h" />
    <ClInclude Include="Game\AI\FinalBoss\FinalBossDamage.h" />
    <ClInclude Include="Game\AI\FinalBoss\FinalBossShootFlash.h" />
    <ClInclude Include="Game\AI\FinalBoss\Behaviours\Body\PoisonCloudDamageComponent.h" />
    <ClInclude Include="Game\UI\WinScreen.h" />
    <ClInclude Include="Game\AI\FinalBoss\FinalBossArenaTrigger.h" />
    <ClInclude Include="Game\UI\UI_Fade.h" />
    <ClInclude Include="Game\UI\MainMenu\LoadingBar.h" />
    <ClInclude Include="Explosion.h" />
    <ClInclude Include="Game\UI\MainMenu\AbilitiesHowToPlay.h" />
    <ClInclude Include="Game\AI\FinalBoss\Behaviours\HandIntro.h" />
    <ClInclude Include="Game\Player\PlayerSpawnHandler.h" />
    <ClInclude Include="CinematicCameraComponent.h" />
    <ClInclude Include="Game\UI\MainMenu\Play.h" />
    <ClInclude Include="Game\UI\MainMenu\Leaderboard.h" />
    <ClInclude Include="Game\GameManager\LeaderboardManager.h" />
  </ItemGroup>
</Project>