
Microsoft Visual Studio Solution File, Format Version 12.00
# Visual Studio Version 17
VisualStudioVersion = 17.0.32014.148
MinimumVisualStudioVersion = 10.0.40219.1
Project("{8BC9CEB8-8B4A-11D0-8D11-00A0C91BC942}") = "Engine", "Engine\Engine.vcxproj", "{3BB7D0C3-CD22-48F7-B37D-E52826D8F9DF}"
	ProjectSection(ProjectDependencies) = postProject
		{FC91B01F-B773-4ED0-B0B2-A2D9592A4B05} = {FC91B01F-B773-4ED0-B0B2-A2D9592A4B05}
		{D9048782-1462-45D2-855E-F0C0C5BF069C} = {D9048782-1462-45D2-855E-F0C0C5BF069C}
		{F4D73ADB-7DD1-4FDC-8663-1C9540EF8EEE} = {F4D73ADB-7DD1-4FDC-8663-1C9540EF8EEE}
	EndProjectSection
EndProject
Project("{8BC9CEB8-8B4A-11D0-8D11-00A0C91BC942}") = "Game", "Game\Game.vcxproj", "{521BB052-BB5C-4BDE-BE9A-13D133B05A6F}"
	ProjectSection(ProjectDependencies) = postProject
		{FC91B01F-B773-4ED0-B0B2-A2D9592A4B05} = {FC91B01F-B773-4ED0-B0B2-A2D9592A4B05}
		{3BB7D0C3-CD22-48F7-B37D-E52826D8F9DF} = {3BB7D0C3-CD22-48F7-B37D-E52826D8F9DF}
	EndProjectSection
EndProject
Project("{8BC9CEB8-8B4A-11D0-8D11-00A0C91BC942}") = "Launcher", "Launcher\Launcher.vcxproj", "{D8799165-61FA-49B0-948A-F0583E3A3000}"
	ProjectSection(ProjectDependencies) = postProject
		{23E0AF10-BAB0-4708-A2E5-15ECBEBEE853} = {23E0AF10-BAB0-4708-A2E5-15ECBEBEE853}
		{FC91B01F-B773-4ED0-B0B2-A2D9592A4B05} = {FC91B01F-B773-4ED0-B0B2-A2D9592A4B05}
		{521BB052-BB5C-4BDE-BE9A-13D133B05A6F} = {521BB052-BB5C-4BDE-BE9A-13D133B05A6F}
		{D9048782-1462-45D2-855E-F0C0C5BF069C} = {D9048782-1462-45D2-855E-F0C0C5BF069C}
		{3BB7D0C3-CD22-48F7-B37D-E52826D8F9DF} = {3BB7D0C3-CD22-48F7-B37D-E52826D8F9DF}
		{F4D73ADB-7DD1-4FDC-8663-1C9540EF8EEE} = {F4D73ADB-7DD1-4FDC-8663-1C9540EF8EEE}
	EndProjectSection
EndProject
Project("{8BC9CEB8-8B4A-11D0-8D11-00A0C91BC942}") = "Common", "Common\Common.vcxproj", "{FC91B01F-B773-4ED0-B0B2-A2D9592A4B05}"
EndProject
Project("{8BC9CEB8-8B4A-11D0-8D11-00A0C91BC942}") = "LevelImporter", "LevelImporter\LevelImporter.vcxproj", "{F4D73ADB-7DD1-4FDC-8663-1C9540EF8EEE}"
EndProject
Project("{8BC9CEB8-8B4A-11D0-8D11-00A0C91BC942}") = "FmodTest", "FmodTest\FmodTest.vcxproj", "{D9048782-1462-45D2-855E-F0C0C5BF069C}"
EndProject
Project("{8BC9CEB8-8B4A-11D0-8D11-00A0C91BC942}") = "Physics", "Physics\Physics.vcxproj", "{23E0AF10-BAB0-4708-A2E5-15ECBEBEE853}"
EndProject
Project("{2150E333-8FDC-42A3-9474-1A3956D46DE8}") = "Launchers", "Launchers", "{D2FC32E9-C72A-4730-9094-F49CE723F768}"
EndProject
Project("{8BC9CEB8-8B4A-11D0-8D11-00A0C91BC942}") = "BuildCleaner", "BuildCleaner\BuildCleaner.vcxproj", "{59BF5781-7A03-4504-8DC6-4A9A75486F91}"
	ProjectSection(ProjectDependencies) = postProject
		{FC91B01F-B773-4ED0-B0B2-A2D9592A4B05} = {FC91B01F-B773-4ED0-B0B2-A2D9592A4B05}
	EndProjectSection
EndProject
Project("{2150E333-8FDC-42A3-9474-1A3956D46DE8}") = "Building", "Building", "{830BFFC8-34F0-4A8C-9B0E-2CADDAD48AA4}"
EndProject
Project("{2150E333-8FDC-42A3-9474-1A3956D46DE8}") = "ThirdParty", "ThirdParty", "{429F7A80-F6A8-4644-B4B2-BC234049792F}"
EndProject
Project("{8BC9CEB8-8B4A-11D0-8D11-00A0C91BC942}") = "imgui", "imgui\imgui.vcxproj", "{6FAC564F-3E7E-41E1-AC8F-46B55DB0F034}"
EndProject
Project("{8BC9CEB8-8B4A-11D0-8D11-00A0C91BC942}") = "imgui_node_editor", "imgui_node_editor\imgui_node_editor.vcxproj", "{F73EA70A-BE86-47D4-939D-F8DA77A69D72}"
EndProject
Project("{8BC9CEB8-8B4A-11D0-8D11-00A0C91BC942}") = "ImGuizmo", "ImGuizmo\ImGuizmo.vcxproj", "{2D29D964-9D2D-4961-80CC-F64069C60069}"
EndProject
Project("{8BC9CEB8-8B4A-11D0-8D11-00A0C91BC942}") = "rapidjson", "rapidjson\rapidjson.vcxproj", "{79D30B3F-F856-40A7-B4FB-67BD804DCE95}"
EndProject
Project("{2150E333-8FDC-42A3-9474-1A3956D46DE8}") = "Unused", "Unused", "{D5B2F978-F219-411F-8B67-F3CB179C579D}"
EndProject
Project("{8BC9CEB8-8B4A-11D0-8D11-00A0C91BC942}") = "DirectXTex", "DirectXTex\DirectXTex_Desktop_2022.vcxproj", "{371B9FA9-4C90-4AC6-A123-ACED756D6C77}"
EndProject
Global
	GlobalSection(SolutionConfigurationPlatforms) = preSolution
		Debug|x64 = Debug|x64
		Debug|x86 = Debug|x86
		Profiling|x64 = Profiling|x64
		Profiling|x86 = Profiling|x86
		Release|x64 = Release|x64
		Release|x86 = Release|x86
		Retail|x64 = Retail|x64
		Retail|x86 = Retail|x86
	EndGlobalSection
	GlobalSection(ProjectConfigurationPlatforms) = postSolution
		{3BB7D0C3-CD22-48F7-B37D-E52826D8F9DF}.Debug|x64.ActiveCfg = Debug|x64
		{3BB7D0C3-CD22-48F7-B37D-E52826D8F9DF}.Debug|x64.Build.0 = Debug|x64
		{3BB7D0C3-CD22-48F7-B37D-E52826D8F9DF}.Debug|x86.ActiveCfg = Debug|x64
		{3BB7D0C3-CD22-48F7-B37D-E52826D8F9DF}.Profiling|x64.ActiveCfg = Profiling|x64
		{3BB7D0C3-CD22-48F7-B37D-E52826D8F9DF}.Profiling|x64.Build.0 = Profiling|x64
		{3BB7D0C3-CD22-48F7-B37D-E52826D8F9DF}.Profiling|x86.ActiveCfg = Profiling|x64
		{3BB7D0C3-CD22-48F7-B37D-E52826D8F9DF}.Release|x64.ActiveCfg = Release|x64
		{3BB7D0C3-CD22-48F7-B37D-E52826D8F9DF}.Release|x64.Build.0 = Release|x64
		{3BB7D0C3-CD22-48F7-B37D-E52826D8F9DF}.Release|x86.ActiveCfg = Release|x64
		{3BB7D0C3-CD22-48F7-B37D-E52826D8F9DF}.Retail|x64.ActiveCfg = Retail|x64
		{3BB7D0C3-CD22-48F7-B37D-E52826D8F9DF}.Retail|x64.Build.0 = Retail|x64
		{3BB7D0C3-CD22-48F7-B37D-E52826D8F9DF}.Retail|x86.ActiveCfg = Retail|x64
		{521BB052-BB5C-4BDE-BE9A-13D133B05A6F}.Debug|x64.ActiveCfg = Debug|x64
		{521BB052-BB5C-4BDE-BE9A-13D133B05A6F}.Debug|x64.Build.0 = Debug|x64
		{521BB052-BB5C-4BDE-BE9A-13D133B05A6F}.Debug|x86.ActiveCfg = Debug|x64
		{521BB052-BB5C-4BDE-BE9A-13D133B05A6F}.Profiling|x64.ActiveCfg = Profiling|x64
		{521BB052-BB5C-4BDE-BE9A-13D133B05A6F}.Profiling|x64.Build.0 = Profiling|x64
		{521BB052-BB5C-4BDE-BE9A-13D133B05A6F}.Profiling|x86.ActiveCfg = Profiling|x64
		{521BB052-BB5C-4BDE-BE9A-13D133B05A6F}.Release|x64.ActiveCfg = Release|x64
		{521BB052-BB5C-4BDE-BE9A-13D133B05A6F}.Release|x64.Build.0 = Release|x64
		{521BB052-BB5C-4BDE-BE9A-13D133B05A6F}.Release|x86.ActiveCfg = Release|x64
		{521BB052-BB5C-4BDE-BE9A-13D133B05A6F}.Retail|x64.ActiveCfg = Retail|x64
		{521BB052-BB5C-4BDE-BE9A-13D133B05A6F}.Retail|x64.Build.0 = Retail|x64
		{521BB052-BB5C-4BDE-BE9A-13D133B05A6F}.Retail|x86.ActiveCfg = Retail|x64
		{D8799165-61FA-49B0-948A-F0583E3A3000}.Debug|x64.ActiveCfg = Debug|x64
		{D8799165-61FA-49B0-948A-F0583E3A3000}.Debug|x64.Build.0 = Debug|x64
		{D8799165-61FA-49B0-948A-F0583E3A3000}.Debug|x86.ActiveCfg = Debug|x64
		{D8799165-61FA-49B0-948A-F0583E3A3000}.Profiling|x64.ActiveCfg = Profiling|x64
		{D8799165-61FA-49B0-948A-F0583E3A3000}.Profiling|x64.Build.0 = Profiling|x64
		{D8799165-61FA-49B0-948A-F0583E3A3000}.Profiling|x86.ActiveCfg = Profiling|x64
		{D8799165-61FA-49B0-948A-F0583E3A3000}.Release|x64.ActiveCfg = Release|x64
		{D8799165-61FA-49B0-948A-F0583E3A3000}.Release|x64.Build.0 = Release|x64
		{D8799165-61FA-49B0-948A-F0583E3A3000}.Release|x86.ActiveCfg = Release|x64
		{D8799165-61FA-49B0-948A-F0583E3A3000}.Retail|x64.ActiveCfg = Retail|x64
		{D8799165-61FA-49B0-948A-F0583E3A3000}.Retail|x64.Build.0 = Retail|x64
		{D8799165-61FA-49B0-948A-F0583E3A3000}.Retail|x86.ActiveCfg = Retail|x64
		{FC91B01F-B773-4ED0-B0B2-A2D9592A4B05}.Debug|x64.ActiveCfg = Debug|x64
		{FC91B01F-B773-4ED0-B0B2-A2D9592A4B05}.Debug|x64.Build.0 = Debug|x64
		{FC91B01F-B773-4ED0-B0B2-A2D9592A4B05}.Debug|x86.ActiveCfg = Debug|x64
		{FC91B01F-B773-4ED0-B0B2-A2D9592A4B05}.Profiling|x64.ActiveCfg = Profiling|x64
		{FC91B01F-B773-4ED0-B0B2-A2D9592A4B05}.Profiling|x64.Build.0 = Profiling|x64
		{FC91B01F-B773-4ED0-B0B2-A2D9592A4B05}.Profiling|x86.ActiveCfg = Profiling|x64
		{FC91B01F-B773-4ED0-B0B2-A2D9592A4B05}.Release|x64.ActiveCfg = Release|x64
		{FC91B01F-B773-4ED0-B0B2-A2D9592A4B05}.Release|x64.Build.0 = Release|x64
		{FC91B01F-B773-4ED0-B0B2-A2D9592A4B05}.Release|x86.ActiveCfg = Release|x64
		{FC91B01F-B773-4ED0-B0B2-A2D9592A4B05}.Retail|x64.ActiveCfg = Retail|x64
		{FC91B01F-B773-4ED0-B0B2-A2D9592A4B05}.Retail|x64.Build.0 = Retail|x64
		{FC91B01F-B773-4ED0-B0B2-A2D9592A4B05}.Retail|x86.ActiveCfg = Retail|x64
		{F4D73ADB-7DD1-4FDC-8663-1C9540EF8EEE}.Debug|x64.ActiveCfg = Debug|x64
		{F4D73ADB-7DD1-4FDC-8663-1C9540EF8EEE}.Debug|x64.Build.0 = Debug|x64
		{F4D73ADB-7DD1-4FDC-8663-1C9540EF8EEE}.Debug|x86.ActiveCfg = Debug|Win32
		{F4D73ADB-7DD1-4FDC-8663-1C9540EF8EEE}.Debug|x86.Build.0 = Debug|Win32
		{F4D73ADB-7DD1-4FDC-8663-1C9540EF8EEE}.Profiling|x64.ActiveCfg = Profiling|x64
		{F4D73ADB-7DD1-4FDC-8663-1C9540EF8EEE}.Profiling|x64.Build.0 = Profiling|x64
		{F4D73ADB-7DD1-4FDC-8663-1C9540EF8EEE}.Profiling|x86.ActiveCfg = Profiling|Win32
		{F4D73ADB-7DD1-4FDC-8663-1C9540EF8EEE}.Profiling|x86.Build.0 = Profiling|Win32
		{F4D73ADB-7DD1-4FDC-8663-1C9540EF8EEE}.Release|x64.ActiveCfg = Release|x64
		{F4D73ADB-7DD1-4FDC-8663-1C9540EF8EEE}.Release|x64.Build.0 = Release|x64
		{F4D73ADB-7DD1-4FDC-8663-1C9540EF8EEE}.Release|x86.ActiveCfg = Release|Win32
		{F4D73ADB-7DD1-4FDC-8663-1C9540EF8EEE}.Release|x86.Build.0 = Release|Win32
		{F4D73ADB-7DD1-4FDC-8663-1C9540EF8EEE}.Retail|x64.ActiveCfg = Retail|x64
		{F4D73ADB-7DD1-4FDC-8663-1C9540EF8EEE}.Retail|x64.Build.0 = Retail|x64
		{F4D73ADB-7DD1-4FDC-8663-1C9540EF8EEE}.Retail|x86.ActiveCfg = Release|Win32
		{F4D73ADB-7DD1-4FDC-8663-1C9540EF8EEE}.Retail|x86.Build.0 = Release|Win32
		{D9048782-1462-45D2-855E-F0C0C5BF069C}.Debug|x64.ActiveCfg = Debug|x64
		{D9048782-1462-45D2-855E-F0C0C5BF069C}.Debug|x64.Build.0 = Debug|x64
		{D9048782-1462-45D2-855E-F0C0C5BF069C}.Debug|x86.ActiveCfg = Debug|Win32
		{D9048782-1462-45D2-855E-F0C0C5BF069C}.Debug|x86.Build.0 = Debug|Win32
		{D9048782-1462-45D2-855E-F0C0C5BF069C}.Profiling|x64.ActiveCfg = Profiling|x64
		{D9048782-1462-45D2-855E-F0C0C5BF069C}.Profiling|x64.Build.0 = Profiling|x64
		{D9048782-1462-45D2-855E-F0C0C5BF069C}.Profiling|x86.ActiveCfg = Profiling|Win32
		{D9048782-1462-45D2-855E-F0C0C5BF069C}.Profiling|x86.Build.0 = Profiling|Win32
		{D9048782-1462-45D2-855E-F0C0C5BF069C}.Release|x64.ActiveCfg = Release|x64
		{D9048782-1462-45D2-855E-F0C0C5BF069C}.Release|x64.Build.0 = Release|x64
		{D9048782-1462-45D2-855E-F0C0C5BF069C}.Release|x86.ActiveCfg = Release|Win32
		{D9048782-1462-45D2-855E-F0C0C5BF069C}.Release|x86.Build.0 = Release|Win32
		{D9048782-1462-45D2-855E-F0C0C5BF069C}.Retail|x64.ActiveCfg = Retail|x64
		{D9048782-1462-45D2-855E-F0C0C5BF069C}.Retail|x64.Build.0 = Retail|x64
		{D9048782-1462-45D2-855E-F0C0C5BF069C}.Retail|x86.ActiveCfg = Release|Win32
		{D9048782-1462-45D2-855E-F0C0C5BF069C}.Retail|x86.Build.0 = Release|Win32
		{23E0AF10-BAB0-4708-A2E5-15ECBEBEE853}.Debug|x64.ActiveCfg = Debug|x64
		{23E0AF10-BAB0-4708-A2E5-15ECBEBEE853}.Debug|x64.Build.0 = Debug|x64
		{23E0AF10-BAB0-4708-A2E5-15ECBEBEE853}.Debug|x86.ActiveCfg = Debug|Win32
		{23E0AF10-BAB0-4708-A2E5-15ECBEBEE853}.Debug|x86.Build.0 = Debug|Win32
		{23E0AF10-BAB0-4708-A2E5-15ECBEBEE853}.Profiling|x64.ActiveCfg = Profiling|x64
		{23E0AF10-BAB0-4708-A2E5-15ECBEBEE853}.Profiling|x64.Build.0 = Profiling|x64
		{23E0AF10-BAB0-4708-A2E5-15ECBEBEE853}.Profiling|x86.ActiveCfg = Profiling|Win32
		{23E0AF10-BAB0-4708-A2E5-15ECBEBEE853}.Profiling|x86.Build.0 = Profiling|Win32
		{23E0AF10-BAB0-4708-A2E5-15ECBEBEE853}.Release|x64.ActiveCfg = Release|x64
		{23E0AF10-BAB0-4708-A2E5-15ECBEBEE853}.Release|x64.Build.0 = Release|x64
		{23E0AF10-BAB0-4708-A2E5-15ECBEBEE853}.Release|x86.ActiveCfg = Release|Win32
		{23E0AF10-BAB0-4708-A2E5-15ECBEBEE853}.Release|x86.Build.0 = Release|Win32
		{23E0AF10-BAB0-4708-A2E5-15ECBEBEE853}.Retail|x64.ActiveCfg = Retail|x64
		{23E0AF10-BAB0-4708-A2E5-15ECBEBEE853}.Retail|x64.Build.0 = Retail|x64
		{23E0AF10-BAB0-4708-A2E5-15ECBEBEE853}.Retail|x86.ActiveCfg = Release|Win32
		{23E0AF10-BAB0-4708-A2E5-15ECBEBEE853}.Retail|x86.Build.0 = Release|Win32
		{59BF5781-7A03-4504-8DC6-4A9A75486F91}.Debug|x64.ActiveCfg = Debug|x64
		{59BF5781-7A03-4504-8DC6-4A9A75486F91}.Debug|x86.ActiveCfg = Debug|Win32
		{59BF5781-7A03-4504-8DC6-4A9A75486F91}.Debug|x86.Build.0 = Debug|Win32
		{59BF5781-7A03-4504-8DC6-4A9A75486F91}.Profiling|x64.ActiveCfg = Profiling|x64
		{59BF5781-7A03-4504-8DC6-4A9A75486F91}.Profiling|x86.ActiveCfg = Profiling|Win32
		{59BF5781-7A03-4504-8DC6-4A9A75486F91}.Profiling|x86.Build.0 = Profiling|Win32
		{59BF5781-7A03-4504-8DC6-4A9A75486F91}.Release|x64.ActiveCfg = Release|x64
		{59BF5781-7A03-4504-8DC6-4A9A75486F91}.Release|x86.ActiveCfg = Release|Win32
		{59BF5781-7A03-4504-8DC6-4A9A75486F91}.Release|x86.Build.0 = Release|Win32
		{59BF5781-7A03-4504-8DC6-4A9A75486F91}.Retail|x64.ActiveCfg = Retail|x64
		{59BF5781-7A03-4504-8DC6-4A9A75486F91}.Retail|x86.ActiveCfg = Retail|Win32
		{59BF5781-7A03-4504-8DC6-4A9A75486F91}.Retail|x86.Build.0 = Retail|Win32
		{6FAC564F-3E7E-41E1-AC8F-46B55DB0F034}.Debug|x64.ActiveCfg = Debug|x64
		{6FAC564F-3E7E-41E1-AC8F-46B55DB0F034}.Debug|x86.ActiveCfg = Debug|Win32
		{6FAC564F-3E7E-41E1-AC8F-46B55DB0F034}.Debug|x86.Build.0 = Debug|Win32
		{6FAC564F-3E7E-41E1-AC8F-46B55DB0F034}.Profiling|x64.ActiveCfg = Release|x64
		{6FAC564F-3E7E-41E1-AC8F-46B55DB0F034}.Profiling|x86.ActiveCfg = Debug|Win32
		{6FAC564F-3E7E-41E1-AC8F-46B55DB0F034}.Profiling|x86.Build.0 = Debug|Win32
		{6FAC564F-3E7E-41E1-AC8F-46B55DB0F034}.Release|x64.ActiveCfg = Release|x64
		{6FAC564F-3E7E-41E1-AC8F-46B55DB0F034}.Release|x86.ActiveCfg = Release|Win32
		{6FAC564F-3E7E-41E1-AC8F-46B55DB0F034}.Release|x86.Build.0 = Release|Win32
		{6FAC564F-3E7E-41E1-AC8F-46B55DB0F034}.Retail|x64.ActiveCfg = Release|x64
		{6FAC564F-3E7E-41E1-AC8F-46B55DB0F034}.Retail|x86.ActiveCfg = Release|Win32
		{6FAC564F-3E7E-41E1-AC8F-46B55DB0F034}.Retail|x86.Build.0 = Release|Win32
		{F73EA70A-BE86-47D4-939D-F8DA77A69D72}.Debug|x64.ActiveCfg = Debug|x64
		{F73EA70A-BE86-47D4-939D-F8DA77A69D72}.Debug|x86.ActiveCfg = Debug|Win32
		{F73EA70A-BE86-47D4-939D-F8DA77A69D72}.Debug|x86.Build.0 = Debug|Win32
		{F73EA70A-BE86-47D4-939D-F8DA77A69D72}.Profiling|x64.ActiveCfg = Release|x64
		{F73EA70A-BE86-47D4-939D-F8DA77A69D72}.Profiling|x86.ActiveCfg = Debug|Win32
		{F73EA70A-BE86-47D4-939D-F8DA77A69D72}.Profiling|x86.Build.0 = Debug|Win32
		{F73EA70A-BE86-47D4-939D-F8DA77A69D72}.Release|x64.ActiveCfg = Release|x64
		{F73EA70A-BE86-47D4-939D-F8DA77A69D72}.Release|x86.ActiveCfg = Release|Win32
		{F73EA70A-BE86-47D4-939D-F8DA77A69D72}.Release|x86.Build.0 = Release|Win32
		{F73EA70A-BE86-47D4-939D-F8DA77A69D72}.Retail|x64.ActiveCfg = Release|x64
		{F73EA70A-BE86-47D4-939D-F8DA77A69D72}.Retail|x86.ActiveCfg = Release|Win32
		{F73EA70A-BE86-47D4-939D-F8DA77A69D72}.Retail|x86.Build.0 = Release|Win32
		{2D29D964-9D2D-4961-80CC-F64069C60069}.Debug|x64.ActiveCfg = Debug|x64
		{2D29D964-9D2D-4961-80CC-F64069C60069}.Debug|x86.ActiveCfg = Debug|Win32
		{2D29D964-9D2D-4961-80CC-F64069C60069}.Debug|x86.Build.0 = Debug|Win32
		{2D29D964-9D2D-4961-80CC-F64069C60069}.Profiling|x64.ActiveCfg = Release|x64
		{2D29D964-9D2D-4961-80CC-F64069C60069}.Profiling|x86.ActiveCfg = Debug|Win32
		{2D29D964-9D2D-4961-80CC-F64069C60069}.Profiling|x86.Build.0 = Debug|Win32
		{2D29D964-9D2D-4961-80CC-F64069C60069}.Release|x64.ActiveCfg = Release|x64
		{2D29D964-9D2D-4961-80CC-F64069C60069}.Release|x86.ActiveCfg = Release|Win32
		{2D29D964-9D2D-4961-80CC-F64069C60069}.Release|x86.Build.0 = Release|Win32
		{2D29D964-9D2D-4961-80CC-F64069C60069}.Retail|x64.ActiveCfg = Release|x64
		{2D29D964-9D2D-4961-80CC-F64069C60069}.Retail|x86.ActiveCfg = Release|Win32
		{2D29D964-9D2D-4961-80CC-F64069C60069}.Retail|x86.Build.0 = Release|Win32
		{79D30B3F-F856-40A7-B4FB-67BD804DCE95}.Debug|x64.ActiveCfg = Debug|x64
		{79D30B3F-F856-40A7-B4FB-67BD804DCE95}.Debug|x86.ActiveCfg = Debug|Win32
		{79D30B3F-F856-40A7-B4FB-67BD804DCE95}.Debug|x86.Build.0 = Debug|Win32
		{79D30B3F-F856-40A7-B4FB-67BD804DCE95}.Profiling|x64.ActiveCfg = Release|x64
		{79D30B3F-F856-40A7-B4FB-67BD804DCE95}.Profiling|x86.ActiveCfg = Debug|Win32
		{79D30B3F-F856-40A7-B4FB-67BD804DCE95}.Profiling|x86.Build.0 = Debug|Win32
		{79D30B3F-F856-40A7-B4FB-67BD804DCE95}.Release|x64.ActiveCfg = Release|x64
		{79D30B3F-F856-40A7-B4FB-67BD804DCE95}.Release|x86.ActiveCfg = Release|Win32
		{79D30B3F-F856-40A7-B4FB-67BD804DCE95}.Release|x86.Build.0 = Release|Win32
		{79D30B3F-F856-40A7-B4FB-67BD804DCE95}.Retail|x64.ActiveCfg = Release|x64
		{79D30B3F-F856-40A7-B4FB-67BD804DCE95}.Retail|x86.ActiveCfg = Release|Win32
		{79D30B3F-F856-40A7-B4FB-67BD804DCE95}.Retail|x86.Build.0 = Release|Win32
		{371B9FA9-4C90-4AC6-A123-ACED756D6C77}.Debug|x64.ActiveCfg = Debug|x64
		{371B9FA9-4C90-4AC6-A123-ACED756D6C77}.Debug|x86.ActiveCfg = Debug|Win32
		{371B9FA9-4C90-4AC6-A123-ACED756D6C77}.Debug|x86.Build.0 = Debug|Win32
		{371B9FA9-4C90-4AC6-A123-ACED756D6C77}.Profiling|x64.ActiveCfg = Release|x64
		{371B9FA9-4C90-4AC6-A123-ACED756D6C77}.Profiling|x86.ActiveCfg = Profile|Win32
		{371B9FA9-4C90-4AC6-A123-ACED756D6C77}.Profiling|x86.Build.0 = Profile|Win32
		{371B9FA9-4C90-4AC6-A123-ACED756D6C77}.Release|x64.ActiveCfg = Release|x64
		{371B9FA9-4C90-4AC6-A123-ACED756D6C77}.Release|x86.ActiveCfg = Release|Win32
		{371B9FA9-4C90-4AC6-A123-ACED756D6C77}.Release|x86.Build.0 = Release|Win32
		{371B9FA9-4C90-4AC6-A123-ACED756D6C77}.Retail|x64.ActiveCfg = Release|x64
		{371B9FA9-4C90-4AC6-A123-ACED756D6C77}.Retail|x86.ActiveCfg = Release|Win32
		{371B9FA9-4C90-4AC6-A123-ACED756D6C77}.Retail|x86.Build.0 = Release|Win32
	EndGlobalSection
	GlobalSection(SolutionProperties) = preSolution
		HideSolutionNode = FALSE
	EndGlobalSection
	GlobalSection(NestedProjects) = preSolution
		{D8799165-61FA-49B0-948A-F0583E3A3000} = {D2FC32E9-C72A-4730-9094-F49CE723F768}
		{59BF5781-7A03-4504-8DC6-4A9A75486F91} = {830BFFC8-34F0-4A8C-9B0E-2CADDAD48AA4}
		{6FAC564F-3E7E-41E1-AC8F-46B55DB0F034} = {429F7A80-F6A8-4644-B4B2-BC234049792F}
		{F73EA70A-BE86-47D4-939D-F8DA77A69D72} = {429F7A80-F6A8-4644-B4B2-BC234049792F}
		{2D29D964-9D2D-4961-80CC-F64069C60069} = {429F7A80-F6A8-4644-B4B2-BC234049792F}
		{79D30B3F-F856-40A7-B4FB-67BD804DCE95} = {429F7A80-F6A8-4644-B4B2-BC234049792F}
		{371B9FA9-4C90-4AC6-A123-ACED756D6C77} = {429F7A80-F6A8-4644-B4B2-BC234049792F}
	EndGlobalSection
	GlobalSection(ExtensibilityGlobals) = postSolution
		SolutionGuid = {F0CBCCAF-1932-4876-BD8C-71DB41F4F64F}
	EndGlobalSection
EndGlobal
