<?xml version="1.0" encoding="utf-8"?>
<Project ToolsVersion="4.0" xmlns="http://schemas.microsoft.com/developer/msbuild/2003">
  <ItemGroup>
    <ClCompile Include="Engine\Animation\Blending\BlendNode2D.cpp" />
    <ClCompile Include="Engine\AssetDatabase.cpp" />
    <ClCompile Include="Engine\Editor\EditorWindows\AnimationEditor\BlendTree2DEditor.cpp" />
    <ClCompile Include="Engine\GameObject\Components\Collider.cpp" />
    <ClCompile Include="Engine\Editor\Colors.cpp" />
    <ClCompile Include="Engine\Editor\Command\Commands\TransformCommand.cpp" />
    <ClCompile Include="Engine\Editor\EditorWindows\Inspector\InspectGameObject.cpp" />
    <ClCompile Include="Engine\Editor\EditorWindows\MakeRetailBuildWindow.cpp" />
    <ClCompile Include="Engine\Editor\EditorWindows\RayCastAtPlaneWindow.cpp" />
    <ClCompile Include="Engine\GameObject\Components\2DComponents\SliderComponent.cpp" />
    <ClCompile Include="Engine\GameObject\Components\LandscapeComponent.cpp" />
    <ClCompile Include="Engine\GameObject\Components\LogoFader.cpp" />
    <ClCompile Include="Engine\GameObject\Components\PostProcessComponent.cpp" />
    <ClCompile Include="Engine\GameObject\Components\ReflectionCaptureComponent.cpp" />
    <ClCompile Include="Engine\GameObject\Components\TriggerComponent.cpp" />
    <ClCompile Include="Engine\GeneralEventManager\GeneralEventListener.cpp" />
    <ClCompile Include="Engine\GeneralEventManager\GeneralEventManager.cpp" />
    <ClCompile Include="Engine\GraphManager\Nodes\Event\GraphNode_OnTriggerEvent.cpp" />
    <ClCompile Include="Engine\GraphManager\Nodes\Misc\GraphNode_AnimationTrigger.cpp" />
    <ClCompile Include="Engine\GraphManager\Nodes\Misc\GraphNode_FadeAllChildren.cpp" />
    <ClCompile Include="Engine\GraphManager\Nodes\Misc\GraphNode_FindGameObjectID.cpp" />
    <ClCompile Include="Engine\GraphManager\Nodes\Misc\GraphNode_GetGameObjectLocalPosition.cpp" />
    <ClCompile Include="Engine\GraphManager\Nodes\Misc\GraphNode_GetMaterialValue.cpp" />
    <ClCompile Include="Engine\GraphManager\Nodes\Misc\GraphNode_PlayAudioEvent.cpp" />
    <ClCompile Include="Engine\GraphManager\Nodes\Misc\GraphNode_QuitProgram.cpp" />
    <ClCompile Include="Engine\GraphManager\Nodes\Misc\GraphNode_SetCondition.cpp" />
    <ClCompile Include="Engine\GraphManager\Nodes\Misc\GraphNode_SetGameObjectLocalPosition.cpp" />
    <ClCompile Include="Engine\GraphManager\Nodes\Misc\GraphNode_SetMaterialValue.cpp" />
    <ClCompile Include="Engine\GraphManager\Nodes\Misc\GraphNode_SetParameter.cpp" />
    <ClCompile Include="Engine\GraphManager\Nodes\Misc\GraphNode_SetResolution.cpp" />
    <ClCompile Include="Engine\GraphManager\Nodes\Misc\GraphNode_SetWindowedMode.cpp" />
    <ClCompile Include="Engine\Paths.cpp" />
    <ClCompile Include="Engine\Reflection\FindValueReflector.cpp" />
    <ClCompile Include="Engine\Reflection\FromBinaryReflector.cpp" />
    <ClCompile Include="Engine\Reflection\ToBinaryReflector.cpp" />
    <ClCompile Include="Engine\Renderer\ConstantBuffer.cpp" />
    <ClCompile Include="Engine\Renderer\Debug\GPUTimer.cpp" />
    <ClCompile Include="Engine\Renderer\Material\DecalMaterialInstance.cpp" />
    <ClCompile Include="Engine\Renderer\Material\MeshMaterialInstance.cpp" />
    <ClCompile Include="Engine\Renderer\Material\ParticleMaterial.cpp" />
    <ClCompile Include="Engine\Renderer\Material\ParticleMaterialInstance.cpp" />
    <ClCompile Include="Engine\Renderer\Material\SpriteMaterialInstance.cpp" />
    <ClCompile Include="Engine\Renderer\PostProcessing\Bloom\Bloom.cpp" />
    <ClCompile Include="Engine\Renderer\PostProcessing\Bloom\BloomSettings.cpp" />
    <ClCompile Include="Engine\Renderer\PostProcessing\FXAASettings.cpp" />
    <ClCompile Include="Engine\Renderer\PostProcessing\PostProcessData.cpp" />
    <ClCompile Include="Engine\Renderer\PostProcessing\SSAO\SSAO.cpp" />
    <ClCompile Include="Engine\Renderer\PostProcessing\SSAO\SSAOSettings.cpp" />
    <ClCompile Include="Engine\Renderer\PostProcessing\TonemappingSettings.cpp" />
    <ClCompile Include="Engine\Renderer\Renderers\Renderer.cpp" />
    <ClCompile Include="Engine\Renderer\Renderers\SelectionRenderer.cpp" />
    <ClCompile Include="Engine\Renderer\Shaders\ShaderStructs.cpp" />
    <ClCompile Include="Engine\Renderer\Sorting\MeshCommandIterator.cpp" />
    <ClCompile Include="Engine\Renderer\Sorting\RenderCommandList.cpp" />
    <ClCompile Include="Engine\Renderer\Texture\CubemapTexture.cpp" />
    <ClCompile Include="Engine\Renderer\TracyProfilingGPU.cpp" />
    <ClCompile Include="Engine\ResourceManagement\Resources\VFXResource.cpp" />
    <ClCompile Include="Engine\CopyComponentUsingReflect.cpp" />
    <ClCompile Include="Engine\TriggerEventManager\TriggerEventListener.cpp" />
    <ClCompile Include="Engine\TriggerEventManager\TriggerEventManager.cpp" />
    <ClCompile Include="Engine\Utils\TimerManager.cpp" />
    <ClCompile Include="Engine\Utils\Utils.cpp" />
    <ClCompile Include="Engine\VFX\Editor\VFXEditorPropertyWindow.cpp" />
    <ClCompile Include="Engine\VFX\Event\ParticleEmitterEvent.cpp" />
    <ClCompile Include="Engine\VFX\Emitter\Emitter.cpp" />
    <ClCompile Include="Engine\AnimationCurve\Curve.cpp" />
    <ClCompile Include="Engine\AnimationCurve\CurveEditor.cpp" />
    <ClCompile Include="Engine\AnimationCurve\CurveList.cpp" />
    <ClCompile Include="Engine\AnimationCurve\CurveManager.cpp" />
    <ClCompile Include="Engine\Animation\AnimationStateMachine.cpp" />
    <ClCompile Include="Engine\Animation\Blending\BlendMask.cpp" />
    <ClCompile Include="Engine\Animation\State\AnimationMachineLayer.cpp" />
    <ClCompile Include="Engine\Animation\Visitor\FindAnimationClipsVisitor.cpp" />
    <ClCompile Include="Engine\CameraShake\CameraShakeManager.cpp" />
    <ClCompile Include="Engine\Console\CommandHandler.cpp" />
    <ClCompile Include="Engine\Console\Commands\ConsoleCommand_Call.cpp" />
    <ClCompile Include="Engine\Console\Commands\ConsoleCommand_Help.cpp" />
    <ClCompile Include="Engine\Console\Commands\ConsoleCommand_Set.cpp" />
    <ClCompile Include="Engine\Console\Commands\ConsoleCommand_Var.cpp" />
    <ClCompile Include="Engine\Console\ConsoleCommand.cpp" />
    <ClCompile Include="Engine\Console\IngameConsole.cpp" />
    <ClCompile Include="Engine\DebugManager\DebugDrawerSettings.cpp" />
    <ClCompile Include="Engine\Editor\Command\Commands\AddComponentCommand.cpp" />
    <ClCompile Include="Engine\Editor\Command\Commands\AddGameObjectCommand.cpp" />
    <ClCompile Include="Engine\Editor\Command\Commands\MoveGameObjectCommand.cpp" />
    <ClCompile Include="Engine\Editor\Command\Commands\RemoveComponentCommand.cpp" />
    <ClCompile Include="Engine\Editor\Command\Commands\RemoveGameObjectCommand.cpp" />
    <ClCompile Include="Engine\Editor\Command\Commands\SetSelectionGameObjectsCommand.cpp" />
    <ClCompile Include="Engine\Editor\Command\EditorCommandComposite.cpp" />
    <ClCompile Include="Engine\Editor\Command\EditorCommandManager.cpp" />
    <ClCompile Include="Engine\Editor\DragDropConstants.cpp" />
    <ClCompile Include="Engine\Editor\Editor.cpp" />
    <ClCompile Include="Engine\Editor\EditorWindows\AnimationCurveEditorWindow.cpp" />
    <ClCompile Include="Engine\Editor\EditorWindows\AnimationNodeEditorWindow.cpp" />
    <ClCompile Include="Engine\Editor\EditorWindows\AssetBrowser\AssetBrowserWindow.cpp" />
    <ClCompile Include="Engine\Editor\EditorWindows\AssetBrowser\Importing\CreationStates\AnimationCreationState.cpp" />
    <ClCompile Include="Engine\Editor\EditorWindows\AssetBrowser\Importing\CreationStates\CreationState.cpp" />
    <ClCompile Include="Engine\Editor\EditorWindows\AssetBrowser\Importing\CreationStates\ModelImportState.cpp" />
    <ClCompile Include="Engine\Editor\EditorWindows\AssetBrowser\Importing\ImportWindow.cpp" />
    <ClCompile Include="Engine\Editor\EditorWindows\AssetBrowser\Importing\Resources\ModelTextureResource.cpp" />
    <ClCompile Include="Engine\Editor\EditorWindows\AssetBrowser\Importing\Resources\Resource.cpp" />
    <ClCompile Include="Engine\Editor\EditorWindows\AssetBrowser\Importing\Resources\UnknownResource.cpp" />
    <ClCompile Include="Engine\Editor\EditorWindows\EditorWindow.cpp" />
    <ClCompile Include="Engine\Editor\EditorWindows\Inspector\Inspectable.cpp" />
    <ClCompile Include="Engine\Editor\EditorWindows\Inspector\InspectableGameObjectPrefab.cpp" />
    <ClCompile Include="Engine\Editor\EditorWindows\Inspector\InspectableMaterial.cpp" />
    <ClCompile Include="Engine\Editor\EditorWindows\LogWindow.cpp" />
    <ClCompile Include="Engine\Editor\EditorWindows\MaterialWindow.cpp" />
    <ClCompile Include="Engine\Editor\EditorWindows\SceneWindow.cpp" />
    <ClCompile Include="Engine\Editor\EditorWindows\Inspector\InspectorWindow.cpp" />
    <ClCompile Include="Engine\Editor\EditorWindows\VisualScriptWindow.cpp" />
    <ClCompile Include="Engine\Editor\EditorWindows\SceneHierarchy\SceneHierarchyWindow.cpp" />
    <ClCompile Include="Engine\Editor\FileTypes.cpp" />
    <ClCompile Include="Engine\Editor\ImGuiHelper.cpp" />
    <ClCompile Include="Engine\Editor\EditorWindows\Inspector\InspectableSelection.cpp" />
    <ClCompile Include="Engine\Editor\SceneBeingEdited.cpp" />
    <ClCompile Include="Engine\Editor\Selection\Selection.cpp" />
    <ClCompile Include="Engine\GameObject\ComponentSystem\ComponentFactory.cpp" />
    <ClCompile Include="Engine\GameObject\ComponentSystem\ComponentHandler.cpp" />
    <ClCompile Include="Engine\GameObject\Components\2DComponents\ButtonComponent.cpp" />
    <ClCompile Include="Engine\GameObject\Components\AudioComponent.cpp" />
    <ClCompile Include="Engine\GameObject\Components\CharacterControllerComponent.cpp" />
    <ClCompile Include="Engine\Animation\AnimationController.cpp" />
    <ClCompile Include="Engine\Animation\AnimationEvent.cpp" />
    <ClCompile Include="Engine\Animation\AnimationStateBehaviour.cpp" />
    <ClCompile Include="Engine\Animation\Transitions\Condition.cpp" />
    <ClCompile Include="Engine\Animation\Transitions\FadeTransition.cpp" />
    <ClCompile Include="Engine\Animation\State\AnimationMachine.cpp" />
    <ClCompile Include="Engine\Animation\AnimationTransformResult.cpp" />
    <ClCompile Include="Engine\Animation\Blending\BlendHelper.cpp" />
    <ClCompile Include="Engine\Animation\Blending\BlendNode1D.cpp" />
    <ClCompile Include="Engine\Animation\Blending\BlendTree.cpp" />
    <ClCompile Include="Engine\Animation\Blending\BlendTree1D.cpp" />
    <ClCompile Include="Engine\Animation\Blending\BlendTree2D.cpp" />
    <ClCompile Include="Engine\Animation\Playable.cpp" />
    <ClCompile Include="Engine\Animation\NormalAnimation.cpp" />
    <ClCompile Include="Engine\Animation\State\AnimationState.cpp" />
    <ClCompile Include="Engine\Animation\Transitions\Transition.cpp" />
    <ClCompile Include="Engine\CameraShake\BounceShake.cpp" />
    <ClCompile Include="Engine\CameraShake\CameraShakeBase.cpp" />
    <ClCompile Include="Engine\CameraShake\Displacement.cpp" />
    <ClCompile Include="Engine\CameraShake\IntensityController.cpp" />
    <ClCompile Include="Engine\CameraShake\KickShake.cpp" />
    <ClCompile Include="Engine\CameraShake\PerlinShake.cpp" />
    <ClCompile Include="Engine\GameObject\Components\DecalComponent.cpp" />
    <ClCompile Include="Engine\GameObject\Components\EditorCameraMovement.cpp" />
    <ClCompile Include="Engine\GameObject\Components\FollowAnimatedBoneComponent.cpp" />
    <ClCompile Include="Engine\GameObject\Components\FollowBoneComponent.cpp" />
    <ClCompile Include="Engine\GameObject\Components\MeshComponent.cpp" />
    <ClCompile Include="Engine\GameObject\Prefab\GameObjectPrefab.cpp" />
    <ClCompile Include="Engine\GameObject\Prefab\GameObjectPrefabInstance.cpp" />
    <ClCompile Include="Engine\GameObject\RecursiveGameObjectChildIterator.cpp" />
    <ClCompile Include="Engine\GameObject\SingletonComponent.cpp" />
    <ClCompile Include="Engine\GraphManager\AddGraphNodesCommand.cpp" />
    <ClCompile Include="Engine\GraphManager\BlueprintUtilities\Source\ax\Builders.cpp" />
    <ClCompile Include="Engine\GraphManager\BlueprintUtilities\Source\ax\Drawing.cpp" />
    <ClCompile Include="Engine\GraphManager\BlueprintUtilities\Source\ax\Widgets.cpp" />
    <ClCompile Include="Engine\GraphManager\CopyPasteManager.cpp" />
    <ClCompile Include="Engine\GraphManager\GraphInstance.cpp" />
    <ClCompile Include="Engine\GraphManager\GraphManager.cpp" />
    <ClCompile Include="Engine\GraphManager\GraphNodeRegistry.cpp" />
    <ClCompile Include="Engine\GraphManager\Nodes\Base\GraphNodeBase.cpp" />
    <ClCompile Include="Engine\GraphManager\Nodes\Base\GraphNodeInstance.cpp" />
    <ClCompile Include="Engine\GraphManager\Nodes\Base\GraphNodePin.cpp" />
    <ClCompile Include="Engine\GraphManager\Nodes\Event\GraphNode_OnButtonClicked.cpp" />
    <ClCompile Include="Engine\GraphManager\Nodes\Event\GraphNode_OnButtonHoverEnter.cpp" />
    <ClCompile Include="Engine\GraphManager\Nodes\Event\GraphNode_OnButtonHoverExit.cpp" />
    <ClCompile Include="Engine\GraphManager\Nodes\Math\GraphNode_Clamp.cpp" />
    <ClCompile Include="Engine\GraphManager\Nodes\Misc\GraphNode_ComponentSet.cpp" />
    <ClCompile Include="Engine\GraphManager\Nodes\Base\GraphUIDManager.cpp" />
    <ClCompile Include="Engine\GraphManager\Nodes\Base\GraphVariable.cpp" />
    <ClCompile Include="Engine\GraphManager\Nodes\Event\GraphNode_EventCall.cpp" />
    <ClCompile Include="Engine\GraphManager\Nodes\Event\GraphNode_OnEvent.cpp" />
    <ClCompile Include="Engine\GraphManager\Nodes\Event\NodeEventStructs.cpp" />
    <ClCompile Include="Engine\GraphManager\Nodes\Flow\GraphNode_Branch.cpp" />
    <ClCompile Include="Engine\GraphManager\Nodes\Flow\GraphNode_ForLoop.cpp" />
    <ClCompile Include="Engine\GraphManager\Nodes\Math\GraphNode_MathAbs.cpp" />
    <ClCompile Include="Engine\GraphManager\Nodes\Math\GraphNode_MathAdd.cpp" />
    <ClCompile Include="Engine\GraphManager\Nodes\Math\GraphNode_MathAtan2.cpp" />
    <ClCompile Include="Engine\GraphManager\Nodes\Math\GraphNode_MathCos.cpp" />
    <ClCompile Include="Engine\GraphManager\Nodes\Math\GraphNode_MathLength.cpp" />
    <ClCompile Include="Engine\GraphManager\Nodes\Math\GraphNode_MathMax.cpp" />
    <ClCompile Include="Engine\GraphManager\Nodes\Math\GraphNode_MathMin.cpp" />
    <ClCompile Include="Engine\GraphManager\Nodes\Math\GraphNode_MathMul.cpp" />
    <ClCompile Include="Engine\GraphManager\Nodes\Math\GraphNode_MathSin.cpp" />
    <ClCompile Include="Engine\GraphManager\Nodes\Math\GraphNode_MathSub.cpp" />
    <ClCompile Include="Engine\GraphManager\Nodes\Misc\GraphNode_EqualsFloat.cpp" />
    <ClCompile Include="Engine\GraphManager\Nodes\Misc\GraphNode_EqualsGameObject.cpp" />
    <ClCompile Include="Engine\GraphManager\Nodes\Misc\GraphNode_EqualsString.cpp" />
    <ClCompile Include="Engine\GraphManager\Nodes\Misc\GraphNode_GetGameObjectChild.cpp" />
    <ClCompile Include="Engine\GraphManager\Nodes\Misc\GraphNode_GetGameObjectID.cpp" />
    <ClCompile Include="Engine\GraphManager\Nodes\Misc\GraphNode_GetGameObjectParent.cpp" />
    <ClCompile Include="Engine\GraphManager\Nodes\Misc\GraphNode_GetGameObjectPosition.cpp" />
    <ClCompile Include="Engine\GraphManager\Nodes\Misc\GraphNode_GetGameObjectRotation.cpp" />
    <ClCompile Include="Engine\GraphManager\Nodes\Misc\GraphNode_GetGameObjectScale.cpp" />
    <ClCompile Include="Engine\GraphManager\Nodes\Misc\GraphNode_GetGameObjectTransform.cpp" />
    <ClCompile Include="Engine\GraphManager\Nodes\Misc\GraphNode_Start.cpp" />
    <ClCompile Include="Engine\GraphManager\Nodes\Misc\GraphNode_LoadScene.cpp" />
    <ClCompile Include="Engine\GraphManager\Nodes\Misc\GraphNode_OnBeginPlay.cpp" />
    <ClCompile Include="Engine\GraphManager\Nodes\Misc\GraphNode_Print.cpp" />
    <ClCompile Include="Engine\GraphManager\Nodes\Misc\GraphNode_SetGameObjectPosition.cpp" />
    <ClCompile Include="Engine\GraphManager\Nodes\Misc\GraphNode_SetGameObjectRotation.cpp" />
    <ClCompile Include="Engine\GraphManager\Nodes\Misc\GraphNode_SetGameObjectScale.cpp" />
    <ClCompile Include="Engine\GraphManager\Nodes\Misc\GraphNode_SetGameObjectTransform.cpp" />
    <ClCompile Include="Engine\GraphManager\Nodes\Misc\GraphNode_Update.cpp" />
    <ClCompile Include="Engine\GraphManager\Nodes\Misc\GraphNode_StopTimer.cpp" />
    <ClCompile Include="Engine\GraphManager\Nodes\Misc\GraphNode_Timer.cpp" />
    <ClCompile Include="Engine\GraphManager\Nodes\Misc\GraphNode_Variable.cpp" />
    <ClCompile Include="Engine\GraphManager\RemoveGraphNodesCommand.cpp" />
    <ClCompile Include="Engine\GraphManager\UndoRedoManager.cpp" />
    <ClCompile Include="Engine\GraphManager\VisualScript.cpp" />
    <ClCompile Include="Engine\LiteTransform.cpp" />
    <ClCompile Include="Engine\Navmesh\NavJobHandler.cpp" />
    <ClCompile Include="Engine\Navmesh\NavMesh.cpp" />
    <ClCompile Include="Engine\Navmesh\NavMeshCreator.cpp" />
    <ClCompile Include="Engine\Navmesh\NavMeshImporter.cpp" />
    <ClCompile Include="Engine\Navmesh\NavMeshImporterBinary.cpp" />
    <ClCompile Include="Engine\Navmesh\NavMeshThreaded.cpp" />
    <ClCompile Include="Engine\Navmesh\NavMeshVertex.cpp" />
    <ClCompile Include="Engine\Physics\PhysicsDebugDrawer.cpp" />
    <ClCompile Include="Engine\Reflection\Enum.cpp" />
    <ClCompile Include="Engine\Reflection\GameObjectPrefabReferencesReflector.cpp" />
    <ClCompile Include="Engine\Reflection\GameObjectPrefabReflector.cpp" />
    <ClCompile Include="Engine\Reflection\ImguiReflector.cpp" />
    <ClCompile Include="Engine\Reflection\JsonDeserializerReflector.cpp" />
    <ClCompile Include="Engine\Reflection\JsonSerializerReflector.cpp" />
    <ClCompile Include="Engine\Reflection\Reflectable.cpp" />
    <ClCompile Include="Engine\Reflection\Reflector.cpp" />
    <ClCompile Include="Engine\Reflection\ResourceRefReflector.cpp" />
    <ClCompile Include="Engine\Reflection\SetComponentReflector.cpp" />
    <ClCompile Include="Engine\Renderer\Material\DecalMaterial.cpp" />
    <ClCompile Include="Engine\Renderer\ModelLoader\Binary\FlatbufferModel.cpp" />
    <ClCompile Include="Engine\ResourceManagement\Resources\AnimationCurveResource.cpp" />
    <ClCompile Include="Engine\ResourceManagement\Resources\GameObjectPrefabResource.cpp" />
    <ClCompile Include="Engine\ResourceManagement\Resources\MaterialResource.cpp" />
    <ClCompile Include="Engine\ResourceManagement\Resources\VisualScriptResource.cpp" />
    <ClCompile Include="Engine\Scene\CutsceneScene.cpp" />
    <ClCompile Include="Engine\Scene\ExtraSceneJsonData.cpp" />
    <ClCompile Include="Engine\GameObject\ComponentSystem\ComponentRegistrator.cpp" />
    <ClCompile Include="Engine\GameObject\ComponentSystem\ComponentSystem.cpp" />
    <ClCompile Include="Engine\AudioManager.cpp" />
    <ClCompile Include="Engine\DebugManager\DebugDrawer.cpp" />
    <ClCompile Include="Engine\DebugManager\DebugMenu.cpp" />
    <ClCompile Include="Engine\Engine.cpp" />
    <ClCompile Include="Engine\GameObject\Components\AnimatorComponent.cpp" />
    <ClCompile Include="Engine\GameObject\Components\BasicMovementComponent.cpp" />
    <ClCompile Include="Engine\GameObject\Components\CameraComponent.cpp" />
    <ClCompile Include="Engine\GameObject\Components\CameraShakeComponent.cpp" />
    <ClCompile Include="Engine\GameObject\Components\Component.cpp" />
    <ClCompile Include="Engine\GameObject\Components\ModelComponent.cpp" />
    <ClCompile Include="Engine\GameObject\Components\PointLightComponent.cpp" />
    <ClCompile Include="Engine\GameObject\Components\RagdollComponent.cpp" />
    <ClCompile Include="Engine\GameObject\Components\SpotLightComponent.cpp" />
    <ClCompile Include="Engine\GameObject\Components\SpriteComponent.cpp" />
    <ClCompile Include="Engine\GameObject\Components\TextComponent.cpp" />
    <ClCompile Include="Engine\GameObject\Components\VideoComponent.cpp" />
    <ClCompile Include="Engine\GameObject\GameObject.cpp" />
    <ClCompile Include="Engine\GameObject\GameObjectManager.cpp" />
    <ClCompile Include="Engine\GameObject\Transform.cpp" />
    <ClCompile Include="Engine\Scene\FolderScene.cpp" />
    <ClCompile Include="Engine\Scene\LogoScene.cpp" />
    <ClCompile Include="Engine\VFX\Emitter\EmitterGeometry.cpp" />
    <ClCompile Include="Engine\pch\pch.cpp" />
    <ClCompile Include="Engine\Renderer\Animation\AnimationClip.cpp" />
    <ClCompile Include="Engine\Renderer\Animation\AssimpUtils.cpp" />
    <ClCompile Include="Engine\Renderer\Animation\Track.cpp" />
    <ClCompile Include="Engine\Renderer\Camera\Camera.cpp" />
    <ClCompile Include="Engine\Renderer\Camera\CameraFactory.cpp" />
    <ClCompile Include="Engine\Renderer\Scene\CulledSceneData.cpp" />
    <ClCompile Include="Engine\Renderer\Culling\ViewFrustum.cpp" />
    <ClCompile Include="Engine\Renderer\Directx11Framework.cpp" />
    <ClCompile Include="Engine\Renderer\Animation\AnimationClipLoader.cpp" />
    <ClCompile Include="Engine\Renderer\Texture\FullscreenTextureFactory.cpp" />
    <ClCompile Include="Engine\Renderer\Material\MaterialFactory.cpp" />
    <ClCompile Include="Engine\Renderer\Model\ModelFactory.cpp" />
    <ClCompile Include="Engine\Renderer\Shaders\ShaderLoader.cpp" />
    <ClCompile Include="Engine\Renderer\Texture\TextureLoader.cpp" />
    <ClCompile Include="Engine\Renderer\PostProcessing\Fog\FogManager.cpp" />
    <ClCompile Include="Engine\Renderer\PostProcessing\Fog\FogPresets.cpp" />
    <ClCompile Include="Engine\Renderer\FrameConstantBuffer.cpp" />
    <ClCompile Include="Engine\Renderer\Texture\FullscreenTexture.cpp" />
    <ClCompile Include="Engine\Renderer\Texture\FullscreenTextureCube.cpp" />
    <ClCompile Include="Engine\Renderer\GBuffer.cpp" />
    <ClCompile Include="Engine\Renderer\GraphicsEngine.cpp" />
    <ClCompile Include="Engine\Renderer\Material\EffectConstantBuffer.cpp" />
    <ClCompile Include="Engine\Renderer\Material\EffectPass.cpp" />
    <ClCompile Include="Engine\Renderer\Material\EffectPassState.cpp" />
    <ClCompile Include="Engine\Renderer\Material\EffectTexture.cpp" />
    <ClCompile Include="Engine\Renderer\Material\EffectVariables.cpp" />
    <ClCompile Include="Engine\Renderer\Material\EffectPassDesc.cpp" />
    <ClCompile Include="Engine\Renderer\Material\Material.cpp" />
    <ClCompile Include="Engine\Renderer\Material\MaterialInstance.cpp" />
    <ClCompile Include="Engine\Renderer\Material\MeshMaterial.cpp" />
    <ClCompile Include="Engine\Renderer\ModelLoader\Binary\G6Anim\G6Anim.cpp" />
    <ClCompile Include="Engine\Renderer\ModelLoader\Binary\G6Anim\G6AnimDeserializer.cpp" />
    <ClCompile Include="Engine\Renderer\ModelLoader\Binary\G6Anim\G6AnimSerializer.cpp" />
    <ClCompile Include="Engine\Renderer\ModelLoader\Binary\G6Anim\G6AnimSerializerAnimationClip.cpp" />
    <ClCompile Include="Engine\Renderer\ModelLoader\Binary\LoaderModelBinary.cpp" />
    <ClCompile Include="Engine\Renderer\ModelLoader\FbxLoader.cpp" />
    <ClCompile Include="Engine\Renderer\ModelLoader\LoaderMesh.cpp" />
    <ClCompile Include="Engine\Renderer\ModelLoader\LoaderModel.cpp" />
    <ClCompile Include="Engine\Renderer\ModelLoader\ModelLoader.cpp" />
    <ClCompile Include="Engine\Renderer\Model\MeshInstance.cpp" />
    <ClCompile Include="Engine\Renderer\Model\ModelInstance.cpp" />
    <ClCompile Include="Engine\Renderer\Renderers\CascadedShadows.cpp" />
    <ClCompile Include="Engine\Renderer\Renderers\DebugRenderer.cpp" />
    <ClCompile Include="Engine\Renderer\Renderers\DeferredRenderer.cpp" />
    <ClCompile Include="Engine\Renderer\Renderers\ForwardRenderer.cpp" />
    <ClCompile Include="Engine\Renderer\PostProcessing\FullscreenRenderer.cpp" />
    <ClCompile Include="Engine\Renderer\Renderers\ParticleRenderer.cpp" />
    <ClCompile Include="Engine\Renderer\Renderers\ShadowRenderer.cpp" />
    <ClCompile Include="Engine\Renderer\Renderers\SpriteRenderer.cpp" />
    <ClCompile Include="Engine\Renderer\RenderManager.cpp" />
    <ClCompile Include="Engine\Renderer\Utils\EventType.cpp" />
    <ClCompile Include="Engine\ResourceManagement\ResourceBase.cpp" />
    <ClCompile Include="Engine\ResourceManagement\ResourceId.cpp" />
    <ClCompile Include="Engine\ResourceManagement\ResourceManager.cpp" />
    <ClCompile Include="Engine\ResourceManagement\ResourceObserver.cpp" />
    <ClCompile Include="Engine\ResourceManagement\ResourceRef.cpp" />
    <ClCompile Include="Engine\ResourceManagement\Resources\AnimationClipResource.cpp" />
    <ClCompile Include="Engine\ResourceManagement\Resources\AnimationStateMachineResource.cpp" />
    <ClCompile Include="Engine\ResourceManagement\Resources\ModelResource.cpp" />
    <ClCompile Include="Engine\ResourceManagement\Resources\GeometryShaderResource.cpp" />
    <ClCompile Include="Engine\ResourceManagement\Resources\PixelShaderResource.cpp" />
    <ClCompile Include="Engine\ResourceManagement\Resources\TextureResource.cpp" />
    <ClCompile Include="Engine\ResourceManagement\Resources\VertexShaderResource.cpp" />
    <ClCompile Include="Engine\ResourceManagement\ResourceThreadContext.cpp" />
    <ClCompile Include="Engine\ResourceManagement\ResourceThreadData.cpp" />
    <ClCompile Include="Engine\ResourceManagement\Share.cpp" />
    <ClCompile Include="Engine\Renderer\RTransform.cpp" />
    <ClCompile Include="Engine\Renderer\Scene\RendererScene.cpp" />
    <ClCompile Include="Engine\Renderer\SharedRendererData.cpp" />
    <ClCompile Include="Engine\Renderer\Text\Font.cpp" />
    <ClCompile Include="Engine\Renderer\Text\Text.cpp" />
    <ClCompile Include="Engine\Renderer\Text\TextFactory.cpp" />
    <ClCompile Include="Engine\Renderer\Text\TextRenderer.cpp" />
    <ClCompile Include="Engine\Renderer\Utils\DxUtils.cpp" />
    <ClCompile Include="Engine\Renderer\Utils\Observer.cpp" />
    <ClCompile Include="Engine\Renderer\Utils\Subject.cpp" />
    <ClCompile Include="Engine\Renderer\Vertex.cpp" />
    <ClCompile Include="Engine\Renderer\VertexTypes.cpp" />
    <ClCompile Include="Engine\Renderer\Video\Video.cpp" />
    <ClCompile Include="Engine\Renderer\Video\VideoAudio.cpp" />
    <ClCompile Include="Engine\Renderer\Video\VideoPlayer.cpp" />
    <ClCompile Include="Engine\Renderer\WindowHandler.cpp" />
    <ClCompile Include="Engine\Renderer\Model\Model.cpp" />
    <ClCompile Include="Engine\Renderer\Shaders\GeometryShader.cpp" />
    <ClCompile Include="Engine\Renderer\Shaders\PixelShader.cpp" />
    <ClCompile Include="Engine\Renderer\Shaders\Shader.cpp" />
    <ClCompile Include="Engine\Renderer\Texture\Texture2D.cpp" />
    <ClCompile Include="Engine\Renderer\Shaders\VertexShader.cpp" />
    <ClCompile Include="Engine\ResourceReferences.cpp" />
    <ClCompile Include="Engine\Scene\Scene.cpp" />
    <ClCompile Include="Engine\Scene\SceneJson.cpp" />
    <ClCompile Include="Engine\Scene\SceneManager.cpp" />
    <ClCompile Include="Engine\Scene\SceneRegistry.cpp" />
    <ClCompile Include="Engine\Scene\SceneSerializerJson.cpp" />
    <ClCompile Include="Engine\Shortcuts.cpp" />
    <ClCompile Include="Engine\Time.cpp" />
    <ClCompile Include="Engine\TimeStamp.cpp" />
    <ClCompile Include="Engine\GameObject\Components\RigidBodyComponent.cpp" />
    <ClCompile Include="Engine\TimeSystem\CallbackTimer.cpp" />
    <ClCompile Include="Engine\TimeSystem\Coroutine.cpp" />
    <ClCompile Include="Engine\TimeSystem\TimeSystem.cpp" />
    <ClCompile Include="Engine\GameObject\Components\RigidStaticComponent.cpp" />
    <ClCompile Include="Engine\GameObject\Components\MultiRigidStatic.cpp" />
    <ClCompile Include="Engine\Renderer\PostProcessing\Fog\Fog.cpp" />
    <ClCompile Include="Engine\UIEventManager\UIEventManager.cpp" />
    <ClCompile Include="Engine\Utils\DownTimer.cpp" />
    <ClCompile Include="Engine\GameObject\Components\EnvironmentLightComponent.cpp" />
    <ClCompile Include="Engine\UUID.cpp" />
    <ClCompile Include="Engine\TerrainGenerator.cpp" />
    <ClCompile Include="Engine\GraphManager\Nodes\Misc\GraphNode_ComponentGet.cpp" />
    <ClCompile Include="Engine\Reflection\SetPinDataReflector.cpp" />
    <ClCompile Include="Engine\Reflection\GraphNodeReflector.cpp" />
    <ClCompile Include="Engine\GameObject\Components\ScriptsComponent.cpp" />
    <ClCompile Include="Engine\Navmesh\NavmeshComponent.cpp" />
    <ClCompile Include="Engine\GraphManager\Nodes\Misc\GraphNode_EqualsInt.cpp" />
    <ClCompile Include="Engine\GraphManager\Nodes\Event\GraphNode_OnInput.cpp" />
    <ClCompile Include="Engine\GameObject\Components\InfoRigidBodyComponent.cpp" />
    <ClCompile Include="Engine\GameObject\Components\InfoRigidStaticComponent.cpp" />
    <ClCompile Include="Engine\GraphManager\Nodes\Misc\GraphNode_AddAudioEvent.cpp" />
    <ClCompile Include="Engine\VFX\OldParticleSystem.cpp" />
    <ClCompile Include="Engine\VFX\Time\TimeAction.cpp" />
    <ClCompile Include="Engine\VFX\Time\TimeKey.cpp" />
    <ClCompile Include="Engine\VFX\Time\Timeline.cpp" />
    <ClCompile Include="Engine\VFX\VFXSystem.cpp" />
    <ClCompile Include="Engine\GameObject\Components\ParticleEmitterComponent.cpp" />
    <ClCompile Include="Engine\Utils\PhysicsUtils.cpp" />
    <ClCompile Include="Engine\VFX\Editor\VFXEditor.cpp" />
    <ClCompile Include="Engine\VFX\Editor\VFXEditorEvent.cpp" />
    <ClCompile Include="Engine\VFX\Editor\VFXEditorParticlesEvent.cpp" />
    <ClCompile Include="Engine\VFX\Editor\VFXPropertyEditor.cpp" />
    <ClCompile Include="Engine\VFX\VFXUtilities.cpp" />
    <ClCompile Include="Engine\Editor\EditorWindows\ItemTool.cpp" />
    <ClCompile Include="PhysicsUtilities.cpp" />
    <ClCompile Include="Engine\VFX\VFXChild.cpp" />
    <ClCompile Include="VFXParticleAttraction.cpp" />
    <ClCompile Include="Engine\GameObject\Components\VFXSpawnerComponent.cpp" />
    <ClCompile Include="Engine\VFX\Event\VFXEvent.cpp" />
    <ClCompile Include="Engine\GameObject\Components\VFXComponent.cpp" />
    <ClCompile Include="Engine\GameObject\Components\OldParticleEmitterComponent.cpp" />
    <ClCompile Include="Engine\VFX\Event\PhysicsObjectEmitterEvent.cpp" />
    <ClCompile Include="Engine\GameObject\Components\PhysicsObjectEmitterComponent.cpp" />
    <ClCompile Include="Engine\GameObject\Components\BezierSplineComponent.cpp" />
    <ClCompile Include="Engine\GameObject\Components\SkyboxComponent.cpp" />
    <ClCompile Include="Engine\GameObject\GameObjectRef.cpp" />
    <ClCompile Include="LevelTransitionComponent.cpp" />
    <ClCompile Include="Engine\Temp.cpp" />
    <ClCompile Include="Engine\Scene\SceneHandle.cpp" />
    <ClCompile Include="Engine\GameObject\Components\FolliageCuller.cpp" />
    <ClCompile Include="Engine\Animation\Transitions\ConditionGroup.cpp" />
    <ClCompile Include="Engine\GameObject\Components\MusicManager.cpp" />
    <ClCompile Include="Engine\GameObject\Components\DestructComponent.cpp" />
  </ItemGroup>
  <ItemGroup>
    <ClInclude Include="Engine\Animation\Blending\BlendNode2D.h" />
    <ClInclude Include="Engine\AssetDatabase.h" />
    <ClInclude Include="Engine\Editor\EditorWindows\AnimationEditor\BlendTree2DEditor.h" />
    <ClInclude Include="Engine\GameObject\Components\Collider.h" />
    <ClInclude Include="Engine\Editor\Colors.h" />
    <ClInclude Include="Engine\Editor\Command\Commands\MoveGameObjectCommand.h" />
    <ClInclude Include="Engine\Editor\Command\Commands\TransformCommand.h" />
    <ClInclude Include="Engine\Editor\EditorWindows\Inspector\InspectableGameObjectPrefab.h" />
    <ClInclude Include="Engine\Editor\EditorWindows\Inspector\InspectableMaterial.h" />
    <ClInclude Include="Engine\Editor\EditorWindows\Inspector\InspectGameObject.h" />
    <ClInclude Include="Engine\Editor\EditorWindows\MakeRetailBuildWindow.h" />
    <ClInclude Include="Engine\Editor\EditorWindows\MaterialWindow.h" />
    <ClInclude Include="Engine\Editor\EditorWindows\Inspector\Inspectable.h" />
    <ClInclude Include="Engine\Editor\EditorWindows\Inspector\InspectableSelection.h" />
    <ClInclude Include="Engine\Editor\EditorWindows\RayCastAtPlaneWindow.h" />
    <ClInclude Include="Engine\GameObject\Components\2DComponents\SliderComponent.h" />
    <ClInclude Include="Engine\GameObject\Components\AudioComponent.h" />
    <ClInclude Include="Engine\GameObject\Components\LandscapeComponent.h" />
    <ClInclude Include="Engine\GameObject\Components\LogoFader.h" />
    <ClInclude Include="Engine\GameObject\Components\PostProcessComponent.h" />
    <ClInclude Include="Engine\GameObject\Components\ReflectionCaptureComponent.h" />
    <ClInclude Include="Engine\GameObject\Components\TriggerComponent.h" />
    <ClInclude Include="Engine\GeneralEventManager\GeneralEventListener.h" />
    <ClInclude Include="Engine\GeneralEventManager\GeneralEventManager.h" />
    <ClInclude Include="Engine\GraphManager\Nodes\Event\GraphNode_OnTriggerEvent.h" />
    <ClInclude Include="Engine\GraphManager\Nodes\Misc\GraphNode_AnimationTrigger.h" />
    <ClInclude Include="Engine\GraphManager\Nodes\Misc\GraphNode_FadeAllChildren.h" />
    <ClInclude Include="Engine\GraphManager\Nodes\Misc\GraphNode_FindGameObjectID.h" />
    <ClInclude Include="Engine\GraphManager\Nodes\Misc\GraphNode_GetGameObjectLocalPosition.h" />
    <ClInclude Include="Engine\GraphManager\Nodes\Misc\GraphNode_GetMaterialValue.h" />
    <ClInclude Include="Engine\GraphManager\Nodes\Misc\GraphNode_PlayAudioEvent.h" />
    <ClInclude Include="Engine\GraphManager\Nodes\Misc\GraphNode_QuitProgram.h" />
    <ClInclude Include="Engine\GraphManager\Nodes\Misc\GraphNode_SetCondition.h" />
    <ClInclude Include="Engine\GraphManager\Nodes\Misc\GraphNode_SetGameObjectLocalPosition.h" />
    <ClInclude Include="Engine\GraphManager\Nodes\Misc\GraphNode_SetMaterialValue.h" />
    <ClInclude Include="Engine\GraphManager\Nodes\Misc\GraphNode_SetParameter.h" />
    <ClInclude Include="Engine\GraphManager\Nodes\Misc\GraphNode_SetResolution.h" />
    <ClInclude Include="Engine\GraphManager\Nodes\Misc\GraphNode_SetWindowedMode.h" />
    <ClInclude Include="Engine\Paths.h" />
    <ClInclude Include="Engine\Reflection\FindValueReflector.h" />
    <ClInclude Include="Engine\Reflection\FromBinaryReflector.h" />
    <ClInclude Include="Engine\Reflection\ToBinaryReflector.h" />
    <ClInclude Include="Engine\Renderer\BindFlags.h" />
    <ClInclude Include="Engine\Renderer\ConstantBuffer.h" />
    <ClInclude Include="Engine\Renderer\CursorMode.h" />
    <ClInclude Include="Engine\Renderer\Debug\GPUTimer.h" />
    <ClInclude Include="Engine\Renderer\Material\DecalMaterialInstance.h" />
    <ClInclude Include="Engine\Renderer\Material\MaterialType.h" />
    <ClInclude Include="Engine\Renderer\Material\MeshMaterialInstance.h" />
    <ClInclude Include="Engine\Renderer\Material\ParticleMaterial.h" />
    <ClInclude Include="Engine\Renderer\Material\ParticleMaterialInstance.h" />
    <ClInclude Include="Engine\Renderer\Material\SpriteMaterialInstance.h" />
    <ClInclude Include="Engine\Renderer\MeshPointsData.h" />
    <ClInclude Include="Engine\Renderer\PostProcessing\Bloom\Bloom.h" />
    <ClInclude Include="Engine\Renderer\PostProcessing\Bloom\BloomSettings.h" />
    <ClInclude Include="Engine\Renderer\PostProcessing\FXAASettings.h" />
    <ClInclude Include="Engine\Renderer\PostProcessing\PostProcessData.h" />
    <ClInclude Include="Engine\Renderer\PostProcessing\SSAO\SSAO.h" />
    <ClInclude Include="Engine\Renderer\PostProcessing\SSAO\SSAOSettings.h" />
    <ClInclude Include="Engine\Renderer\PostProcessing\TonemappingSettings.h" />
    <ClInclude Include="Engine\Renderer\RendererSceneDebugOutput.h" />
    <ClInclude Include="Engine\Renderer\Renderers\Renderer.h" />
    <ClInclude Include="Engine\Renderer\Renderers\SelectionRenderer.h" />
    <ClInclude Include="Engine\Renderer\ShaderFlags.h" />
    <ClInclude Include="Engine\Renderer\Shaders\ShaderStructs.h" />
    <ClInclude Include="Engine\Renderer\Sorting\MeshCommandIterator.h" />
    <ClInclude Include="Engine\Renderer\Sorting\RenderCommandList.h" />
    <ClInclude Include="Engine\Renderer\Texture\CubemapTexture.h" />
    <ClInclude Include="Engine\Renderer\Texture\TextureType.h" />
    <ClInclude Include="Engine\Renderer\TracyProfilingGPU.h" />
    <ClInclude Include="Engine\ResourceManagement\Resources\VFXResource.h" />
    <ClInclude Include="Engine\CopyComponentUsingReflect.h" />
    <ClInclude Include="Engine\TriggerEventManager\TriggerEventListener.h" />
    <ClInclude Include="Engine\TriggerEventManager\TriggerEventManager.h" />
    <ClInclude Include="Engine\Utils\Flags.h" />
    <ClInclude Include="Engine\Utils\TimerManager.h" />
    <ClInclude Include="Engine\Utils\Utils.h" />
    <ClInclude Include="Engine\VFX\Description\EmitterDescription.h" />
    <ClInclude Include="Engine\VFX\Description\EventDescription.h" />
    <ClInclude Include="Engine\VFX\Description\ParticleDescription.h" />
    <ClInclude Include="Engine\VFX\Description\ParticleEmitterDescription.h" />
    <ClInclude Include="Engine\VFX\Description\PhysicsEmitterDescription.h" />
    <ClInclude Include="Engine\VFX\Description\PhysicsParticleEmitterDescription.h" />
    <ClInclude Include="Engine\VFX\Description\VFXDescription.h" />
    <ClInclude Include="Engine\VFX\Editor\VFXEditorPropertyWindow.h" />
    <ClInclude Include="Engine\VFX\Event\ParticleEmitterEvent.h" />
    <ClInclude Include="Engine\VFX\Emitter\Emitter.h" />
    <ClInclude Include="Engine\AnimationCurve\Curve.h" />
    <ClInclude Include="Engine\AnimationCurve\CurveEditor.h" />
    <ClInclude Include="Engine\AnimationCurve\CurveList.h" />
    <ClInclude Include="Engine\AnimationCurve\CurveManager.h" />
    <ClInclude Include="Engine\Animation\AnimationStateMachine.h" />
    <ClInclude Include="Engine\Animation\AnimationPair.h" />
    <ClInclude Include="Engine\Animation\Blending\BlendMask.h" />
    <ClInclude Include="Engine\Animation\State\AnimationMachineLayer.h" />
    <ClInclude Include="Engine\Animation\Visitor\FindAnimationClipsVisitor.h" />
    <ClInclude Include="Engine\Animation\Visitor\PlayableVisitor.h" />
    <ClInclude Include="Engine\CameraShake\CameraShakeManager.h" />
    <ClInclude Include="Engine\Console\Commands\ConsoleCommand_Call.h" />
    <ClInclude Include="Engine\Console\Commands\ConsoleCommand_Help.h" />
    <ClInclude Include="Engine\Console\Commands\ConsoleCommand_Set.h" />
    <ClInclude Include="Engine\Console\Commands\ConsoleCommand_Var.h" />
    <ClInclude Include="Engine\Console\ConsoleCommand.h" />
    <ClInclude Include="Engine\Console\CommandHandler.h" />
    <ClInclude Include="Engine\Console\IngameConsole.h" />
    <ClInclude Include="Engine\DebugManager\DebugDrawerSettings.h" />
    <ClInclude Include="Engine\Editor\Command\Commands\AddComponentCommand.h" />
    <ClInclude Include="Engine\Editor\Command\Commands\AddGameObjectCommand.h" />
    <ClInclude Include="Engine\Editor\Command\Commands\RemoveComponentCommand.h" />
    <ClInclude Include="Engine\Editor\Command\Commands\RemoveGameObjectCommand.h" />
    <ClInclude Include="Engine\Editor\Command\Commands\SetSelectionGameObjectsCommand.h" />
    <ClInclude Include="Engine\Editor\Command\EditorCommand.h" />
    <ClInclude Include="Engine\Editor\Command\EditorCommandComposite.h" />
    <ClInclude Include="Engine\Editor\Command\EditorCommandManager.h" />
    <ClInclude Include="Engine\Editor\DragDropConstants.h" />
    <ClInclude Include="Engine\Editor\Editor.h" />
    <ClInclude Include="Engine\Editor\EditorWindows\AnimationCurveEditorWindow.h" />
    <ClInclude Include="Engine\Editor\EditorWindows\AnimationNodeEditorWindow.h" />
    <ClInclude Include="Engine\Editor\EditorWindows\AssetBrowser\AssetBrowserWindow.h" />
    <ClInclude Include="Engine\Editor\EditorMode.h" />
    <ClInclude Include="Engine\Editor\EditorWindows\AssetBrowser\Importing\CreationStates\AnimationCreationState.h" />
    <ClInclude Include="Engine\Editor\EditorWindows\AssetBrowser\Importing\CreationStates\CreationState.h" />
    <ClInclude Include="Engine\Editor\EditorWindows\AssetBrowser\Importing\CreationStates\ModelImportState.h" />
    <ClInclude Include="Engine\Editor\EditorWindows\AssetBrowser\Importing\CreationStates\ResourceImportState.h" />
    <ClInclude Include="Engine\Editor\EditorWindows\AssetBrowser\Importing\ImportWindow.h" />
    <ClInclude Include="Engine\Editor\EditorWindows\AssetBrowser\Importing\Resources\ModelTextureResource.h" />
    <ClInclude Include="Engine\Editor\EditorWindows\AssetBrowser\Importing\Resources\Resource.h" />
    <ClInclude Include="Engine\Editor\EditorWindows\AssetBrowser\Importing\Resources\UnknownResource.h" />
    <ClInclude Include="Engine\Editor\EditorWindows\LogWindow.h" />
    <ClInclude Include="Engine\Editor\EditorWindows\SceneWindow.h" />
    <ClInclude Include="Engine\Editor\EditorWindows\EditorWindow.h" />
    <ClInclude Include="Engine\Editor\EditorWindows\Inspector\InspectorWindow.h" />
    <ClInclude Include="Engine\Editor\EditorWindows\SceneHierarchy\SceneHierarchyWindow.h" />
    <ClInclude Include="Engine\Editor\EditorWindows\VisualScriptWindow.h" />
    <ClInclude Include="Engine\Editor\FileTypes.h" />
    <ClInclude Include="Engine\Editor\ImGuiHelper.h" />
    <ClInclude Include="Engine\Editor\SceneBeingEdited.h" />
    <ClInclude Include="Engine\Editor\Selection\Selection.h" />
    <ClInclude Include="Engine\GameObject\ComponentSystem\ComponentFactory.h" />
    <ClInclude Include="Engine\GameObject\Components\2DComponents\ButtonComponent.h" />
    <ClInclude Include="Engine\GameObject\Components\CharacterControllerComponent.h" />
    <ClInclude Include="Engine\Animation\AnimationController.h" />
    <ClInclude Include="Engine\Animation\AnimationEvent.h" />
    <ClInclude Include="Engine\Animation\AnimationStateBehaviour.h" />
    <ClInclude Include="Engine\Animation\Transitions\Condition.h" />
    <ClInclude Include="Engine\Animation\Transitions\FadeTransition.h" />
    <ClInclude Include="Engine\Animation\State\AnimationMachine.h" />
    <ClInclude Include="Engine\Animation\AnimationTransformResult.h" />
    <ClInclude Include="Engine\Animation\Blending\BlendHelper.h" />
    <ClInclude Include="Engine\Animation\Blending\BlendNode1D.h" />
    <ClInclude Include="Engine\Animation\Blending\BlendTree.h" />
    <ClInclude Include="Engine\Animation\Blending\BlendTree1D.h" />
    <ClInclude Include="Engine\Animation\Blending\BlendTree2D.h" />
    <ClInclude Include="Engine\Animation\Playable.h" />
    <ClInclude Include="Engine\Animation\NormalAnimation.h" />
    <ClInclude Include="Engine\Animation\State\AnimationState.h" />
    <ClInclude Include="Engine\Animation\Transitions\Transition.h" />
    <ClInclude Include="Engine\CameraShake\BounceShake.h" />
    <ClInclude Include="Engine\CameraShake\CameraShakeBase.h" />
    <ClInclude Include="Engine\CameraShake\Displacement.h" />
    <ClInclude Include="Engine\CameraShake\IntensityController.h" />
    <ClInclude Include="Engine\CameraShake\KickShake.h" />
    <ClInclude Include="Engine\CameraShake\PerlinShake.h" />
    <ClInclude Include="Engine\GameObject\Components\DecalComponent.h" />
    <ClInclude Include="Engine\GameObject\Components\EditorCameraMovement.h" />
    <ClInclude Include="Engine\GameObject\Components\FollowAnimatedBoneComponent.h" />
    <ClInclude Include="Engine\GameObject\Components\FollowBoneComponent.h" />
    <ClInclude Include="Engine\GameObject\Components\MeshComponent.h" />
    <ClInclude Include="Engine\GameObject\Prefab\GameObjectPrefab.h" />
    <ClInclude Include="Engine\GameObject\Prefab\GameObjectPrefabInstance.h" />
    <ClInclude Include="Engine\GameObject\RecursiveGameObjectChildIterator.h" />
    <ClInclude Include="Engine\GameObject\SingletonComponent.h" />
    <ClInclude Include="Engine\GraphManager\AddGraphNodesCommand.h" />
    <ClInclude Include="Engine\GraphManager\BlueprintUtilities\Include\ax\Builders.h" />
    <ClInclude Include="Engine\GraphManager\BlueprintUtilities\Include\ax\Drawing.h" />
    <ClInclude Include="Engine\GraphManager\BlueprintUtilities\Include\ax\Math2D.h" />
    <ClInclude Include="Engine\GraphManager\BlueprintUtilities\Include\ax\Widgets.h" />
    <ClInclude Include="Engine\GraphManager\BlueprintUtilities\Include\Interop.h" />
    <ClInclude Include="Engine\GraphManager\Command.h" />
    <ClInclude Include="Engine\GraphManager\CopyPasteManager.h" />
    <ClInclude Include="Engine\GraphManager\Nodes\Event\GraphNode_OnButtonClicked.h" />
    <ClInclude Include="Engine\GraphManager\Nodes\Event\GraphNode_OnButtonHoverEnter.h" />
    <ClInclude Include="Engine\GraphManager\Nodes\Event\GraphNode_OnButtonHoverExit.h" />
    <ClInclude Include="Engine\GraphManager\Nodes\Math\GraphNode_Clamp.h" />
    <ClInclude Include="Engine\GraphManager\Nodes\Misc\GraphNode_ComponentSet.h" />
    <ClInclude Include="Engine\GraphManager\Nodes\Event\GraphNode_EventCall.h" />
    <ClInclude Include="Engine\GraphManager\Nodes\Event\GraphNode_OnEvent.h" />
    <ClInclude Include="Engine\GraphManager\Nodes\Event\NodeEventStructs.h" />
    <ClInclude Include="Engine\GraphManager\Nodes\Misc\GraphNode_EqualsFloat.h" />
    <ClInclude Include="Engine\GraphManager\Nodes\Misc\GraphNode_EqualsGameObject.h" />
    <ClInclude Include="Engine\GraphManager\Nodes\Misc\GraphNode_EqualsString.h" />
    <ClInclude Include="Engine\GraphManager\Nodes\Misc\GraphNode_GetGameObjectChild.h" />
    <ClInclude Include="Engine\GraphManager\Nodes\Misc\GraphNode_GetGameObjectID.h" />
    <ClInclude Include="Engine\GraphManager\Nodes\Misc\GraphNode_GetGameObjectParent.h" />
    <ClInclude Include="Engine\GraphManager\Nodes\Misc\GraphNode_GetGameObjectPosition.h" />
    <ClInclude Include="Engine\GraphManager\Nodes\Misc\GraphNode_GetGameObjectRotation.h" />
    <ClInclude Include="Engine\GraphManager\Nodes\Misc\GraphNode_GetGameObjectScale.h" />
    <ClInclude Include="Engine\GraphManager\Nodes\Misc\GraphNode_GetGameObjectTransform.h" />
    <ClInclude Include="Engine\GraphManager\Nodes\Misc\GraphNode_Start.h" />
    <ClInclude Include="Engine\GraphManager\Nodes\Misc\GraphNode_LoadScene.h" />
    <ClInclude Include="Engine\GraphManager\Nodes\Misc\GraphNode_SetGameObjectPosition.h" />
    <ClInclude Include="Engine\GraphManager\Nodes\Misc\GraphNode_SetGameObjectRotation.h" />
    <ClInclude Include="Engine\GraphManager\Nodes\Misc\GraphNode_SetGameObjectScale.h" />
    <ClInclude Include="Engine\GraphManager\Nodes\Misc\GraphNode_SetGameObjectTransform.h" />
    <ClInclude Include="Engine\GraphManager\VisualScript.h" />
    <ClInclude Include="Engine\GraphManager\GraphInstance.h" />
    <ClInclude Include="Engine\GraphManager\GraphManager.h" />
    <ClInclude Include="Engine\GraphManager\GraphNodeRegistry.h" />
    <ClInclude Include="Engine\GraphManager\Nodes\Base\GraphNodeBase.h" />
    <ClInclude Include="Engine\GraphManager\Nodes\Base\GraphNodeInstance.h" />
    <ClInclude Include="Engine\GraphManager\Nodes\Base\GraphNodePin.h" />
    <ClInclude Include="Engine\GraphManager\Nodes\Base\GraphUIDManager.h" />
    <ClInclude Include="Engine\GraphManager\Nodes\Base\GraphVariable.h" />
    <ClInclude Include="Engine\GraphManager\Nodes\Base\NodeTypes.h" />
    <ClInclude Include="Engine\GraphManager\Nodes\Base\UID.h" />
    <ClInclude Include="Engine\GraphManager\Nodes\Flow\GraphNode_Branch.h" />
    <ClInclude Include="Engine\GraphManager\Nodes\Flow\GraphNode_ForLoop.h" />
    <ClInclude Include="Engine\GraphManager\Nodes\Math\GraphNode_MathAbs.h" />
    <ClInclude Include="Engine\GraphManager\Nodes\Math\GraphNode_MathAdd.h" />
    <ClInclude Include="Engine\GraphManager\Nodes\Math\GraphNode_MathAtan2.h" />
    <ClInclude Include="Engine\GraphManager\Nodes\Math\GraphNode_MathCos.h" />
    <ClInclude Include="Engine\GraphManager\Nodes\Math\GraphNode_MathLength.h" />
    <ClInclude Include="Engine\GraphManager\Nodes\Math\GraphNode_MathMax.h" />
    <ClInclude Include="Engine\GraphManager\Nodes\Math\GraphNode_MathMin.h" />
    <ClInclude Include="Engine\GraphManager\Nodes\Math\GraphNode_MathMul.h" />
    <ClInclude Include="Engine\GraphManager\Nodes\Math\GraphNode_MathSin.h" />
    <ClInclude Include="Engine\GraphManager\Nodes\Math\GraphNode_MathSub.h" />
    <ClInclude Include="Engine\GraphManager\Nodes\Misc\GraphNode_OnBeginPlay.h" />
    <ClInclude Include="Engine\GraphManager\Nodes\Misc\GraphNode_Print.h" />
    <ClInclude Include="Engine\GraphManager\Nodes\Misc\GraphNode_Update.h" />
    <ClInclude Include="Engine\GraphManager\Nodes\Misc\GraphNode_StopTimer.h" />
    <ClInclude Include="Engine\GraphManager\Nodes\Misc\GraphNode_Timer.h" />
    <ClInclude Include="Engine\GraphManager\Nodes\Misc\GraphNode_Variable.h" />
    <ClInclude Include="Engine\GraphManager\RemoveGraphNodesCommand.h" />
    <ClInclude Include="Engine\GraphManager\UndoRedoManager.h" />
    <ClInclude Include="Engine\GraphManager\VisualGraphPair.h" />
    <ClInclude Include="Engine\LiteTransform.h" />
    <ClInclude Include="Engine\Navmesh\NavJobHandler.h" />
    <ClInclude Include="Engine\Navmesh\NavMesh.h" />
    <ClInclude Include="Engine\Navmesh\NavMeshCreator.h" />
    <ClInclude Include="Engine\Navmesh\NavMeshImporter.h" />
    <ClInclude Include="Engine\Navmesh\NavMeshImporterBinary.h" />
    <ClInclude Include="Engine\Navmesh\NavMeshThreaded.h" />
    <ClInclude Include="Engine\Navmesh\NavMeshVertex.h" />
    <ClInclude Include="Engine\PhysicsDebugDrawer.h" />
    <ClInclude Include="Engine\Physics\PhysicsDebugDrawer.h" />
    <ClInclude Include="Engine\Reflection\Array.h" />
    <ClInclude Include="Engine\Reflection\Enum.h" />
    <ClInclude Include="Engine\Reflection\GameObjectPrefabReferencesReflector.h" />
    <ClInclude Include="Engine\Reflection\GameObjectPrefabReflector.h" />
    <ClInclude Include="Engine\Reflection\ImguiReflector.h" />
    <ClInclude Include="Engine\Reflection\JsonDeserializerReflector.h" />
    <ClInclude Include="Engine\Reflection\JsonSerializerReflector.h" />
    <ClInclude Include="Engine\Reflection\Reflectable.h" />
    <ClInclude Include="Engine\Reflection\Reflector.h" />
    <ClInclude Include="Engine\Reflection\ResourceRefReflector.h" />
    <ClInclude Include="Engine\Reflection\SetComponentReflector.h" />
    <ClInclude Include="Engine\Renderer\Material\DecalMaterial.h" />
    <ClInclude Include="Engine\Renderer\ModelLoader\Binary\FlatbufferModel.h" />
    <ClInclude Include="Engine\Renderer\ModelLoader\Binary\model_generated.h" />
    <ClInclude Include="Engine\Renderer\ModelLoader\Binary\model_generated.old.h" />
    <ClInclude Include="Engine\Renderer\RenderEnums.h" />
    <ClInclude Include="Engine\ResourceManagement\Resources\AnimationCurveResource.h" />
    <ClInclude Include="Engine\ResourceManagement\Resources\GameObjectPrefabResource.h" />
    <ClInclude Include="Engine\ResourceManagement\Resources\MaterialResource.h" />
    <ClInclude Include="Engine\ResourceManagement\Resources\VisualScriptResource.h" />
    <ClInclude Include="Engine\Scene\CutsceneScene.h" />
    <ClInclude Include="Engine\EngineOrder.h" />
    <ClInclude Include="Engine\Scene\ExtraSceneJsonData.h" />
    <ClInclude Include="Engine\GameObject\ComponentSystem\ComponentRegistrator.h" />
    <ClInclude Include="Engine\GameObject\ComponentSystem\ComponentSystem.h" />
    <ClInclude Include="Engine\GameObject\ComponentSystem\ComponentHandler.hpp" />
    <ClInclude Include="Engine\AudioManager.h" />
    <ClInclude Include="Engine\DebugManager\DebugDrawer.h" />
    <ClInclude Include="Engine\DebugManager\DebugMenu.h" />
    <ClInclude Include="Engine\ECS\entt\entt.hpp" />
    <ClInclude Include="Engine\Engine.h" />
    <ClInclude Include="Engine\EngineSettings.h" />
    <ClInclude Include="Engine\GameObject\Components\AnimatorComponent.h" />
    <ClInclude Include="Engine\GameObject\Components\BasicMovementComponent.h" />
    <ClInclude Include="Engine\GameObject\Components\CameraComponent.h" />
    <ClInclude Include="Engine\GameObject\Components\CameraShakeComponent.h" />
    <ClInclude Include="Engine\GameObject\Components\Component.h" />
    <ClInclude Include="Engine\GameObject\Components\ModelComponent.h" />
    <ClInclude Include="Engine\GameObject\Components\PointLightComponent.h" />
    <ClInclude Include="Engine\GameObject\Components\RagdollComponent.h" />
    <ClInclude Include="Engine\GameObject\Components\SpotLightComponent.h" />
    <ClInclude Include="Engine\GameObject\Components\SpriteComponent.h" />
    <ClInclude Include="Engine\GameObject\Components\TextComponent.h" />
    <ClInclude Include="Engine\GameObject\Components\VideoComponent.h" />
    <ClInclude Include="Engine\GameObject\GameObject.h" />
    <ClInclude Include="Engine\GameObject\GameObjectManager.h" />
    <ClInclude Include="Engine\GameObject\Tag.h" />
    <ClInclude Include="Engine\GameObject\Transform.h" />
    <ClInclude Include="Engine\Scene\FolderScene.h" />
    <ClInclude Include="Engine\Scene\LogoScene.h" />
    <ClInclude Include="Engine\VFX\Emitter\EmitterGeometry.h" />
    <ClInclude Include="Engine\pch\pch.h" />
    <ClInclude Include="Engine\Renderer\Animation\AnimationClip.h" />
    <ClInclude Include="Engine\Renderer\Animation\AssimpUtils.h" />
    <ClInclude Include="Engine\Renderer\Animation\OurNode.h" />
    <ClInclude Include="Engine\Renderer\Animation\Track.h" />
    <ClInclude Include="Engine\Renderer\Camera\Camera.h" />
    <ClInclude Include="Engine\Renderer\Camera\CameraFactory.h" />
    <ClInclude Include="Engine\Renderer\Scene\CulledSceneData.h" />
    <ClInclude Include="Engine\Renderer\Culling\ViewFrustum.h" />
    <ClInclude Include="Engine\Renderer\Directx11Framework.h" />
    <ClInclude Include="Engine\Renderer\Animation\AnimationClipLoader.h" />
    <ClInclude Include="Engine\Renderer\Texture\FullscreenTextureFactory.h" />
    <ClInclude Include="Engine\Renderer\Material\MaterialFactory.h" />
    <ClInclude Include="Engine\Renderer\Model\ModelFactory.h" />
    <ClInclude Include="Engine\Renderer\Shaders\ShaderLoader.h" />
    <ClInclude Include="Engine\Renderer\Texture\TextureLoader.h" />
    <ClInclude Include="Engine\Renderer\PostProcessing\Fog\FogManager.h" />
    <ClInclude Include="Engine\Renderer\PostProcessing\Fog\FogPresets.h" />
    <ClInclude Include="Engine\Renderer\Texture\FullscreenTexture.h" />
    <ClInclude Include="Engine\Renderer\Texture\FullscreenTextureCube.h" />
    <ClInclude Include="Engine\Renderer\GBuffer.h" />
    <ClInclude Include="Engine\Renderer\GraphicsEngine.h" />
    <ClInclude Include="Engine\Renderer\Lights\LightConstants.h" />
    <ClInclude Include="Engine\Renderer\Material\EffectConstantBuffer.h" />
    <ClInclude Include="Engine\Renderer\Material\EffectPass.h" />
    <ClInclude Include="Engine\Renderer\Material\EffectPassState.h" />
    <ClInclude Include="Engine\Renderer\Material\EffectTexture.h" />
    <ClInclude Include="Engine\Renderer\Material\EffectVariables.h" />
    <ClInclude Include="Engine\Renderer\Material\EffectPassDesc.h" />
    <ClInclude Include="Engine\Renderer\Material\Material.h" />
    <ClInclude Include="Engine\Renderer\Material\MaterialFactoryContext.h" />
    <ClInclude Include="Engine\Renderer\Material\MaterialInstance.h" />
    <ClInclude Include="Engine\Renderer\Material\MeshMaterial.h" />
    <ClInclude Include="Engine\Renderer\ModelLoader\Binary\G6Anim\G6Anim.h" />
    <ClInclude Include="Engine\Renderer\ModelLoader\Binary\G6Anim\G6AnimDeserializer.h" />
    <ClInclude Include="Engine\Renderer\ModelLoader\Binary\G6Anim\G6AnimSerializer.h" />
    <ClInclude Include="Engine\Renderer\ModelLoader\Binary\G6Anim\G6AnimSerializerAnimationClip.h" />
    <ClInclude Include="Engine\Renderer\ModelLoader\Binary\LoaderModelBinary.h" />
    <ClInclude Include="Engine\Renderer\ModelLoader\FbxLoader.h" />
    <ClInclude Include="Engine\Renderer\ModelLoader\LoaderMesh.h" />
    <ClInclude Include="Engine\Renderer\ModelLoader\LoaderModel.h" />
    <ClInclude Include="Engine\Renderer\ModelLoader\ModelLoader.h" />
    <ClInclude Include="Engine\Renderer\Model\MeshInstance.h" />
    <ClInclude Include="Engine\Renderer\Model\ModelInstance.h" />
    <ClInclude Include="Engine\Renderer\Renderers\CascadedShadows.h" />
    <ClInclude Include="Engine\Renderer\Renderers\DebugRenderer.h" />
    <ClInclude Include="Engine\Renderer\Renderers\DeferredRenderer.h" />
    <ClInclude Include="Engine\Renderer\Renderers\ForwardRenderer.h" />
    <ClInclude Include="Engine\Renderer\PostProcessing\FullscreenRenderer.h" />
    <ClInclude Include="Engine\Renderer\Renderers\ParticleRenderer.h" />
    <ClInclude Include="Engine\Renderer\Renderers\ShadowRenderer.h" />
    <ClInclude Include="Engine\Renderer\Renderers\SpriteRenderer.h" />
    <ClInclude Include="Engine\Renderer\RendererType.h" />
    <ClInclude Include="Engine\Renderer\RenderManager.h" />
    <ClInclude Include="Engine\Renderer\FrameConstantBuffer.h" />
    <ClInclude Include="Engine\ResourceManagement\ResourceBase.h" />
    <ClInclude Include="Engine\ResourceManagement\ResourceEnums.h" />
    <ClInclude Include="Engine\ResourceManagement\ResourceId.h" />
    <ClInclude Include="Engine\ResourceManagement\ResourceManager.h" />
    <ClInclude Include="Engine\ResourceManagement\ResourceManagerSettings.h" />
    <ClInclude Include="Engine\ResourceManagement\ResourceObserver.h" />
    <ClInclude Include="Engine\ResourceManagement\ResourceRef.h" />
    <ClInclude Include="Engine\ResourceManagement\Resources\AnimationClipResource.h" />
    <ClInclude Include="Engine\ResourceManagement\Resources\AnimationStateMachineResource.h" />
    <ClInclude Include="Engine\ResourceManagement\Resources\ModelResource.h" />
    <ClInclude Include="Engine\ResourceManagement\Resources\GeometryShaderResource.h" />
    <ClInclude Include="Engine\ResourceManagement\Resources\PixelShaderResource.h" />
    <ClInclude Include="Engine\ResourceManagement\Resources\TextureResource.h" />
    <ClInclude Include="Engine\ResourceManagement\Resources\VertexShaderResource.h" />
    <ClInclude Include="Engine\ResourceManagement\ResourceThreadContext.h" />
    <ClInclude Include="Engine\ResourceManagement\ResourceThreadData.h" />
    <ClInclude Include="Engine\ResourceManagement\Share.h" />
    <ClInclude Include="Engine\Renderer\RTransform.h" />
    <ClInclude Include="Engine\Renderer\Scene\RendererScene.h" />
    <ClInclude Include="Engine\Renderer\Shaders\ShaderConstants.h" />
    <ClInclude Include="Engine\Renderer\SharedRendererData.h" />
    <ClInclude Include="Engine\Renderer\Statistics\RenderingStatistics.h" />
    <ClInclude Include="Engine\Renderer\Text\Font.h" />
    <ClInclude Include="Engine\Renderer\Text\Text.h" />
    <ClInclude Include="Engine\Renderer\Text\TextFactory.h" />
    <ClInclude Include="Engine\Renderer\Text\TextRenderer.h" />
    <ClInclude Include="Engine\Renderer\Utils\DxUtils.h" />
    <ClInclude Include="Engine\Renderer\Utils\EventType.h" />
    <ClInclude Include="Engine\Renderer\Utils\Observer.h" />
    <ClInclude Include="Engine\Renderer\Utils\Subject.h" />
    <ClInclude Include="Engine\Renderer\UVRect.h" />
    <ClInclude Include="Engine\Renderer\Vertex.h" />
    <ClInclude Include="Engine\Renderer\VertexTypes.h" />
    <ClInclude Include="Engine\Renderer\Video\Video.h" />
    <ClInclude Include="Engine\Renderer\Video\VideoAudio.h" />
    <ClInclude Include="Engine\Renderer\Video\VideoPlayer.h" />
    <ClInclude Include="Engine\Renderer\WindowHandler.h" />
    <ClInclude Include="Engine\Renderer\Model\Model.h" />
    <ClInclude Include="Engine\Renderer\Shaders\GeometryShader.h" />
    <ClInclude Include="Engine\Renderer\Shaders\PixelShader.h" />
    <ClInclude Include="Engine\Renderer\Shaders\Shader.h" />
    <ClInclude Include="Engine\Renderer\Texture\Texture2D.h" />
    <ClInclude Include="Engine\Renderer\Shaders\VertexShader.h" />
    <ClInclude Include="Engine\ResourceReferences.h" />
    <ClInclude Include="Engine\Scene\Scene.h" />
    <ClInclude Include="Engine\Scene\SceneJson.h" />
    <ClInclude Include="Engine\Scene\SceneManager.h" />
    <ClInclude Include="Engine\Scene\SceneRegistry.h" />
    <ClInclude Include="Engine\Scene\SceneSerializer.h" />
    <ClInclude Include="Engine\Scene\SceneSerializerJson.h" />
    <ClInclude Include="Engine\Shortcuts.h" />
    <ClInclude Include="Engine\Time.h" />
    <ClInclude Include="Engine\TimeStamp.h" />
    <ClInclude Include="Engine\GameObject\Components\RigidBodyComponent.h" />
    <ClInclude Include="Engine\TimeSystem\CallbackTimer.h" />
    <ClInclude Include="Engine\TimeSystem\Coroutine.h" />
    <ClInclude Include="Engine\TimeSystem\TimeSystem.h" />
    <ClInclude Include="Engine\GameObject\Components\RigidStaticComponent.h" />
    <ClInclude Include="Engine\VFX\OldParticleSystem.h" />
    <ClInclude Include="Engine\VFX\Time\ObjectTimeline.h" />
    <ClInclude Include="Engine\VFX\Time\TimeAction.h" />
    <ClInclude Include="Engine\VFX\Time\TimeKey.h" />
    <ClInclude Include="Engine\VFX\Time\Timeline.h" />
    <ClInclude Include="Engine\VFX\Timeline.hpp" />
    <ClInclude Include="Engine\GameObject\Components\MultiRigidStatic.h" />
    <ClInclude Include="Engine\Renderer\PostProcessing\Fog\Fog.h" />
    <ClInclude Include="Engine\UIEventManager\UIEventManager.h" />
    <ClInclude Include="Engine\Utils\DownTimer.h" />
    <ClInclude Include="Engine\GameObject\Components\EnvironmentLightComponent.h" />
    <ClInclude Include="Engine\UUID.h" />
    <ClInclude Include="Engine\TerrainGenerator.h" />
    <ClInclude Include="Engine\GraphManager\Nodes\Misc\GraphNode_ComponentGet.h" />
    <ClInclude Include="Engine\Reflection\SetPinDataReflector.h" />
    <ClInclude Include="Engine\Reflection\GraphNodeReflector.h" />
    <ClInclude Include="Engine\GameObject\Components\ScriptsComponent.h" />
    <ClInclude Include="Engine\Navmesh\NavmeshComponent.h" />
    <ClInclude Include="Engine\GraphManager\Nodes\Misc\GraphNode_EqualsInt.h" />
    <ClInclude Include="Engine\GraphManager\Nodes\Event\GraphNode_OnInput.h" />
    <ClInclude Include="Engine\GameObject\Components\InfoRigidBodyComponent.h" />
    <ClInclude Include="Engine\GameObject\Components\InfoRigidStaticComponent.h" />
    <ClInclude Include="Engine\GameObject\Components\VFXComponent.h" />
    <ClInclude Include="Engine\GameObject\Components\OldParticleEmitterComponent.h" />
    <ClInclude Include="Engine\VFX\Event\PhysicsObjectEmitterEvent.h" />
    <ClInclude Include="Engine\GameObject\Components\PhysicsObjectEmitterComponent.h" />
    <ClInclude Include="Engine\GraphManager\Nodes\Misc\GraphNode_AddAudioEvent.h" />
    <ClInclude Include="Engine\VFX\VFXEnums.h" />
    <ClInclude Include="Engine\VFX\VFXSystem.h" />
    <ClInclude Include="Engine\GameObject\Components\ParticleEmitterComponent.h" />
    <ClInclude Include="Engine\Utils\PhysicsUtils.h" />
    <ClInclude Include="Engine\VFX\Editor\VFXEditor.h" />
    <ClInclude Include="Engine\VFX\Editor\VFXEditorHelpers.h" />
    <ClInclude Include="Engine\VFX\Editor\VFXEditorEvent.h" />
    <ClInclude Include="Engine\VFX\Editor\VFXEditorParticlesEvent.h" />
    <ClInclude Include="Engine\VFX\Editor\VFXPropertyEditor.h" />
    <ClInclude Include="Engine\VFX\VFXUtilities.h" />
    <ClInclude Include="Engine\Editor\EditorWindows\ItemTool.h" />
    <ClInclude Include="PhysicsUtilities.h" />
    <ClInclude Include="Engine\VFX\VFXChild.h" />
    <ClInclude Include="VFXParticleAttraction.h" />
    <ClInclude Include="Engine\GameObject\Components\VFXSpawnerComponent.h" />
    <ClInclude Include="Engine\VFX\Event\VFXEvent.h" />
    <ClInclude Include="Engine\GameObject\Components\BezierSplineComponent.h" />
    <ClInclude Include="Engine\GameObject\Components\SkyboxComponent.h" />
    <ClInclude Include="Engine\GameObject\GameObjectRef.h" />
    <ClInclude Include="LevelTransitionComponent.h" />
    <ClInclude Include="Engine\VFX\Description\PrefabEmitterDescription.h" />
    <ClInclude Include="Engine\VFX\Description\PrefabDescription.h" />
    <ClInclude Include="Engine\Temp.h" />
    <ClInclude Include="Engine\Scene\SceneHandle.h" />
    <ClInclude Include="Engine\GameObject\Components\FolliageCuller.h" />
    <ClInclude Include="Engine\Animation\Transitions\ConditionGroup.h" />
    <ClInclude Include="Engine\GameObject\Components\MusicManager.h" />
    <ClInclude Include="Engine\GameObject\Components\DestructComponent.h" />
  </ItemGroup>
  <ItemGroup>
    <None Include="Engine\GraphManager\BlueprintUtilities\Include\ax\Math2D.inl" />
  </ItemGroup>
  <ItemGroup>
    <Text Include="Engine\Renderer\renderingnotes.txt" />
  </ItemGroup>
</Project>