<?xml version="1.0" encoding="utf-8"?>
<Project ToolsVersion="4.0" xmlns="http://schemas.microsoft.com/developer/msbuild/2003">
  <ItemGroup>
    <ClCompile Include="Common\AnimationCurve.cpp" />
    <ClCompile Include="Common\FileWatcher.cpp" />
    <ClCompile Include="Common\JsonManager\JsonFile.cpp" />
    <ClCompile Include="Common\JsonManager\JsonManager.cpp" />
    <ClCompile Include="Common\Log.cpp" />
    <ClCompile Include="Common\ObjectPoolUntyped.cpp" />
    <ClCompile Include="Common\Random.cpp" />
    <ClCompile Include="Common\StringUtilities.cpp" />
    <ClCompile Include="Common\ThreadPool\ThreadPool.cpp" />
    <ClCompile Include="Common\Path.cpp" />
    <ClCompile Include="Common\BinaryReader.cpp" />
    <ClCompile Include="Common\BinaryWriter.cpp" />
    <ClCompile Include="Common\FileIO.cpp" />
    <ClCompile Include="Common\Math\Math.cpp" />
    <ClCompile Include="Common\Math\PerlinNoise.cpp" />
    <ClCompile Include="Common\UnrealUtils.cpp" />
    <ClCompile Include="Common\ObjectPool.cpp" />
    <ClCompile Include="Common\ObjectPoolGrowable.cpp" />
    <ClCompile Include="Common\HashMap.cpp" />
    <ClCompile Include="Common\InputManager.cpp" />
    <ClCompile Include="Common\Timer.cpp" />
    <ClCompile Include="Common\XInput.cpp" />
    <ClCompile Include="Common\LinearAllocator.cpp" />
    <ClCompile Include="Common\Math\Bezier.cpp" />
    <ClCompile Include="Common\Math\BezierSpline.cpp" />
  </ItemGroup>
  <ItemGroup>
    <ClInclude Include="Common\AnimationCurve.h" />
    <ClInclude Include="Common\Enums.hpp" />
    <ClInclude Include="Common\FileWatcher.h" />
    <ClInclude Include="Common\JsonManager\JsonFile.h" />
    <ClInclude Include="Common\JsonManager\JsonManager.h" />
    <ClInclude Include="Common\Log.h" />
    <ClInclude Include="Common\nlohmann\json.hpp" />
    <ClInclude Include="Common\ObjectPoolUntyped.h" />
    <ClInclude Include="Common\Random.h" />
    <ClInclude Include="Common\StringUtilities.h" />
    <ClInclude Include="Common\ThreadPool\ThreadPool.h" />
    <ClInclude Include="Common\TimerTemp.h" />
    <ClInclude Include="Common\Types.h" />
    <ClInclude Include="Common\Path.h" />
    <ClInclude Include="Common\BinaryReader.h" />
    <ClInclude Include="Common\BinaryWriter.h" />
    <ClInclude Include="Common\FileIO.h" />
    <ClInclude Include="Common\Math\Math.h" />
    <ClInclude Include="Common\Math\PerlinNoise.h" />
    <ClInclude Include="Common\UnrealUtils.h" />
    <ClInclude Include="Common\ObjectPool.h" />
    <ClInclude Include="Common\ObjectPoolGrowable.h" />
    <ClInclude Include="Common\JsonUtils.hpp" />
    <ClInclude Include="Common\AABB3D.hpp" />
    <ClInclude Include="Common\BSTSet.hpp" />
    <ClInclude Include="Common\CommonUtilities.h" />
    <ClInclude Include="Common\DoublyLinkedList.hpp" />
    <ClInclude Include="Common\DoublyLinkedListNode.hpp" />
    <ClInclude Include="Common\HashMap.hpp" />
    <ClInclude Include="Common\Heap.hpp" />
    <ClInclude Include="Common\Horspool.hpp" />
    <ClInclude Include="Common\InputManager.h" />
    <ClInclude Include="Common\Intersection.hpp" />
    <ClInclude Include="Common\Line.hpp" />
    <ClInclude Include="Common\LineVolume.hpp" />
    <ClInclude Include="Common\Plane.hpp" />
    <ClInclude Include="Common\PlaneVolume.hpp" />
    <ClInclude Include="Common\Queue.hpp" />
    <ClInclude Include="Common\Ray.hpp" />
    <ClInclude Include="Common\Sort.hpp" />
    <ClInclude Include="Common\Sphere.hpp" />
    <ClInclude Include="Common\Stack.hpp" />
    <ClInclude Include="Common\VectorOnStack.h" />
    <ClInclude Include="Common\Math\Internal\Vector2.h" />
    <ClInclude Include="Common\Math\Internal\Vector3.h" />
    <ClInclude Include="Common\Math\Internal\Vector4.h" />
    <ClInclude Include="Common\Math\Internal\Matrix2x2.h" />
    <ClInclude Include="Common\Math\Internal\Matrix3x3.h" />
    <ClInclude Include="Common\Math\Internal\Matrix4x4.h" />
    <ClInclude Include="Common\Math\Internal\Quaternion.h" />
    <ClInclude Include="Common\Timer.h" />
    <ClInclude Include="Common\XInput.h" />
    <ClInclude Include="Common\RingBuffer.h" />
    <ClInclude Include="Common\LinearAllocator.h" />
    <ClInclude Include="Common\BetterEnums\enum.h" />
    <ClInclude Include="Common\delaunay.h" />
    <ClInclude Include="Common\Math\Bezier.h" />
    <ClInclude Include="Common\Math\BezierSpline.h" />
  </ItemGroup>
  <ItemGroup>
    <None Include="Common\Math\Internal\Vector2.inl" />
    <None Include="Common\Math\Internal\Vector3.inl" />
    <None Include="Common\Math\Internal\Vector4.inl" />
    <None Include="Common\Math\Internal\Matrix2x2.inl" />
    <None Include="Common\Math\Internal\Matrix3x3.inl" />
    <None Include="Common\Math\Internal\Matrix4x4.inl" />
    <None Include="Common\Math\Internal\Quaternion.inl" />
  </ItemGroup>
</Project>